// !$*UTF8*$!
{
	archiveVersion = 1;
	classes = {
	};
	objectVersion = 46;
	objects = {

/* Begin PBXBuildFile section */
		0144267EC25FE60395146811 /* debug.cpp in Sources */ = {isa = PBXBuildFile; fileRef = 185C59D0FD1D5F873692490B /* debug.cpp */; };
		02432BAD1F28D6EC42F7E945 /* ccpd.sqlite3 in Resources */ = {isa = PBXBuildFile; fileRef = 54EB73384673C8AF1444C535 /* ccpd.sqlite3 */; };
		060321E79347DF545355139D /* zstd_common.cpp in Sources */ = {isa = PBXBuildFile; fileRef = 2B33A766A279934FEBD6F7FD /* zstd_common.cpp */; };
		070FB343700C02B3E88EE01E /* threading.cpp in Sources */ = {isa = PBXBuildFile; fileRef = 1E793B5D9791473448386080 /* threading.cpp */; };
		077970E396949E58A8B2D7B0 /* score.cpp in Sources */ = {isa = PBXBuildFile; fileRef = D76F07409FB0936B86C368AD /* score.cpp */; };
		08C373CBC9C0F5DC85D7D2F0 /* XiangqiMobileApp.swift in Sources */ = {isa = PBXBuildFile; fileRef = 5F2BF145B00B789D585677D2 /* XiangqiMobileApp.swift */; };
		08E68E00E5D98F53A0506AB3 /* ccpd-quarantine.jsonl in Resources */ = {isa = PBXBuildFile; fileRef = 0DDC72A72B897870DD986F9C /* ccpd-quarantine.jsonl */; };
		13306945524520DCB2AD1C74 /* Localizable.xcstrings in Resources */ = {isa = PBXBuildFile; fileRef = 2863623224AD3E5E5B19A180 /* Localizable.xcstrings */; };
		156C27025B7C5E72BD98BF19 /* timeman.cpp in Sources */ = {isa = PBXBuildFile; fileRef = 3BDA5CE56F4B3524B5091AE0 /* timeman.cpp */; };
		1956B9856BAF7EBC191D71D7 /* attacks.cpp in Sources */ = {isa = PBXBuildFile; fileRef = A8D1BDCB803B23304DEED531 /* attacks.cpp */; };
		1A09CFB866558774C8E41247 /* pikafish.nnue in Resources */ = {isa = PBXBuildFile; fileRef = 0E4309E41E81638F247D3B9A /* pikafish.nnue */; };
		2110219476D74DF98E81F477 /* HomeView.swift in Sources */ = {isa = PBXBuildFile; fileRef = F353A05D3551DCEABA32BD3E /* HomeView.swift */; };
		21BA136A1349B95B6DD5A08E /* LearningProgress.swift in Sources */ = {isa = PBXBuildFile; fileRef = 40CAC01CF4509BD5520D19CF /* LearningProgress.swift */; };
		25AD57669ADD1E31B10AF745 /* pool.cpp in Sources */ = {isa = PBXBuildFile; fileRef = 7376E9FE0ACFD04698503CE2 /* pool.cpp */; };
		2A1DA3B0FA4C2A0E1CBC7768 /* BoardView.swift in Sources */ = {isa = PBXBuildFile; fileRef = 9D95128780C69F104996AEF1 /* BoardView.swift */; };
		2DBE6A77A5AEA43ECDE8DADA /* Theme.swift in Sources */ = {isa = PBXBuildFile; fileRef = 8A008C429DCB64C0224766DE /* Theme.swift */; };
		2E3C467FBCCA4D0664A4C9BB /* bitboard.cpp in Sources */ = {isa = PBXBuildFile; fileRef = 65C86454C25D9E035B2270E0 /* bitboard.cpp */; };
		34B51437BD5CFB7FD399EFBE /* SettingsView.swift in Sources */ = {isa = PBXBuildFile; fileRef = 5F77BE97A3C1252107D02250 /* SettingsView.swift */; };
		3E0598E54565F6FC40D66F88 /* Pikafish-AUTHORS.txt in Resources */ = {isa = PBXBuildFile; fileRef = 41A6A43FE9D1D3717B90819A /* Pikafish-AUTHORS.txt */; };
		4322E7F75C45FB72BB32E38A /* entropy_common.cpp in Sources */ = {isa = PBXBuildFile; fileRef = 8179D681A6F921FED1F8AB9F /* entropy_common.cpp */; };
		43409121DB25011D3658A2DE /* SmokeTests.swift in Sources */ = {isa = PBXBuildFile; fileRef = 9A468CA6C23F5F166B638CAA /* SmokeTests.swift */; };
		444A6F60283C049DB5922AA5 /* CCPD-CC-BY-4.0.txt in Resources */ = {isa = PBXBuildFile; fileRef = 95647B9386A02DAEAE3502C2 /* CCPD-CC-BY-4.0.txt */; };
		4594EE048DF6AA292A15656B /* NewGameView.swift in Sources */ = {isa = PBXBuildFile; fileRef = 12D1F3FA072CA3616F78332D /* NewGameView.swift */; };
		468856B0806C34AE21BAEF2A /* Foundation.framework in Frameworks */ = {isa = PBXBuildFile; fileRef = 3DBF2A39F60484B33B03B246 /* Foundation.framework */; };
		4C535B7ABB81E94743CB2D46 /* error_private.cpp in Sources */ = {isa = PBXBuildFile; fileRef = 4091B81FC0E1389C174CABD4 /* error_private.cpp */; };
		4D40127595750436F3E138D9 /* fse_decompress.cpp in Sources */ = {isa = PBXBuildFile; fileRef = 215FDD0033B22F9D48946354 /* fse_decompress.cpp */; };
		521659F5A3C7337F88F1C568 /* RootView.swift in Sources */ = {isa = PBXBuildFile; fileRef = F821C94468FE3BDFA7A78102 /* RootView.swift */; };
		54E4FB5AF0348EB61CE43214 /* ucioption.cpp in Sources */ = {isa = PBXBuildFile; fileRef = AD8941F6B0D9C0715B16CBE0 /* ucioption.cpp */; };
		5FBFF6B579C27F302748AA77 /* search.cpp in Sources */ = {isa = PBXBuildFile; fileRef = DE15BB2E550AE665FB8B64BD /* search.cpp */; };
		73A63A9DED06333DEA0723C9 /* MoveHistoryView.swift in Sources */ = {isa = PBXBuildFile; fileRef = 19027B40EB75204429884E19 /* MoveHistoryView.swift */; };
		763EAE908644B59DD91948A5 /* engine.cpp in Sources */ = {isa = PBXBuildFile; fileRef = 4F4AAD34771CFB508AA520FE /* engine.cpp */; };
		7963C5332D5F3626BB317968 /* ResultView.swift in Sources */ = {isa = PBXBuildFile; fileRef = 8B62D21A867F8CF365DC1A05 /* ResultView.swift */; };
		852C4F416AE7E3560B04FF0C /* full_threats.cpp in Sources */ = {isa = PBXBuildFile; fileRef = F11B67E38F0E9F30A5476864 /* full_threats.cpp */; };
		898721AE994B96D9CE8B799A /* zstd_decompress.cpp in Sources */ = {isa = PBXBuildFile; fileRef = C69197C1D80B8619F192F006 /* zstd_decompress.cpp */; };
		89B69DD70F6E06CFA76E21B7 /* zstd_ddict.cpp in Sources */ = {isa = PBXBuildFile; fileRef = 27483689A2C548AD16F14134 /* zstd_ddict.cpp */; };
		8A32F0C9AEF413DE1A3C2502 /* half_ka_v2_hm.cpp in Sources */ = {isa = PBXBuildFile; fileRef = A94358272E26ED349FE8C4BD /* half_ka_v2_hm.cpp */; };
		90665BDBFDD91D7909C3FA81 /* Foundation.framework in Frameworks */ = {isa = PBXBuildFile; fileRef = 3DBF2A39F60484B33B03B246 /* Foundation.framework */; };
		93E1433A013DAAC42511911B /* huf_decompress.cpp in Sources */ = {isa = PBXBuildFile; fileRef = 8417F14D6F82A88FED21A6FA /* huf_decompress.cpp */; };
		94EDDD6BBCAB0D22C20533D9 /* PikafishBridge.cpp in Sources */ = {isa = PBXBuildFile; fileRef = 994A859AD9DD96DD3F332A66 /* PikafishBridge.cpp */; };
		99D2FDFBCE9DA6473EDEC570 /* position.cpp in Sources */ = {isa = PBXBuildFile; fileRef = 54DB7D3B54AD012604C28105 /* position.cpp */; };
		A81768F539EE34A5620ACD8F /* tune.cpp in Sources */ = {isa = PBXBuildFile; fileRef = 330FB5A8FF82CE8F61BFAE88 /* tune.cpp */; };
		A9512F792D5080FDCBC4DAA0 /* PikafishComputerClient.swift in Sources */ = {isa = PBXBuildFile; fileRef = D782A83F7C5CE916F93AAAED /* PikafishComputerClient.swift */; };
		B030719F574513D9A2DA9B66 /* Position.swift in Sources */ = {isa = PBXBuildFile; fileRef = C734AAE439A4FE76D9378288 /* Position.swift */; };
		B277929C337E4CEA9423191C /* network.cpp in Sources */ = {isa = PBXBuildFile; fileRef = C3DD378204E6F179FB35A68A /* network.cpp */; };
		B7EAC10DE967E829E6D2B26F /* zstd_decompress_block.cpp in Sources */ = {isa = PBXBuildFile; fileRef = D79A6EA42B6953F58F55692D /* zstd_decompress_block.cpp */; };
		BB091B5F43C34E5F60C0E499 /* ComputerPlayer.swift in Sources */ = {isa = PBXBuildFile; fileRef = 9C47711FBEBB14063B5BF62D /* ComputerPlayer.swift */; };
		C18D774171D7314BC977114D /* tt.cpp in Sources */ = {isa = PBXBuildFile; fileRef = CF5F6567B72F73E7D235C31C /* tt.cpp */; };
		C26C6B9F5FA308011827CC31 /* CCPDLibrary.swift in Sources */ = {isa = PBXBuildFile; fileRef = 90A69A44E77D99D568DA576B /* CCPDLibrary.swift */; };
		C27D7BAF012397CAA9D0577B /* benchmark.cpp in Sources */ = {isa = PBXBuildFile; fileRef = F8BCADCC3D6C7D7C813F16C9 /* benchmark.cpp */; };
		C4C009B800DF68C37631C6A0 /* Pikafish-GPL-3.0.txt in Resources */ = {isa = PBXBuildFile; fileRef = 24A6E51EC539AA334C89CC5D /* Pikafish-GPL-3.0.txt */; };
		CCE666B58BDC633578984A0A /* AppModel.swift in Sources */ = {isa = PBXBuildFile; fileRef = 4579EA90B480C429769D8C14 /* AppModel.swift */; };
		CF38480FD175105A51EF77F6 /* LearningViews.swift in Sources */ = {isa = PBXBuildFile; fileRef = DE29C92A6284BFFD358B4683 /* LearningViews.swift */; };
		D89C8AAF651A6D3FF2ECDBDC /* misc.cpp in Sources */ = {isa = PBXBuildFile; fileRef = 10332A17CEE203955749DA22 /* misc.cpp */; };
		DD2F2C62415D3438F6A104A0 /* AppLanguage.swift in Sources */ = {isa = PBXBuildFile; fileRef = 7BB373A5542338EF4C8E8807 /* AppLanguage.swift */; };
		DD5639AA1FA526C182543DF8 /* CCPDPuzzle.swift in Sources */ = {isa = PBXBuildFile; fileRef = D913A85222CC76DAB9065C23 /* CCPDPuzzle.swift */; };
		DDEC54DBACE5B5EDFE20B50B /* GameSession.swift in Sources */ = {isa = PBXBuildFile; fileRef = 32CDC0A19E1AB95BF5A1F3A8 /* GameSession.swift */; };
		DFCCE61220417383BE5D10CF /* movegen.cpp in Sources */ = {isa = PBXBuildFile; fileRef = 3655BF93A1FF72D2AFE9200C /* movegen.cpp */; };
		E0D41316C1F23A0D843C3DF7 /* memory.cpp in Sources */ = {isa = PBXBuildFile; fileRef = F89B8FCD3C91E0A21A40EB3B /* memory.cpp */; };
		E3607DFC31EE3A6A3BE967D0 /* nnue_accumulator.cpp in Sources */ = {isa = PBXBuildFile; fileRef = 33DD1A9BCF1FB8C6640D3A85 /* nnue_accumulator.cpp */; };
		E4B2EAE972874C02C81ADB94 /* Notation.swift in Sources */ = {isa = PBXBuildFile; fileRef = 06F3DC40DE99B3D15CCDDE32 /* Notation.swift */; };
		E56B04BB51F8CFC01A686BFA /* thread.cpp in Sources */ = {isa = PBXBuildFile; fileRef = C240569C61444538E1FA479A /* thread.cpp */; };
		E80265CA2A4DF50F4E3411AE /* GameView.swift in Sources */ = {isa = PBXBuildFile; fileRef = 620FC68B0C58E94AC20AEE20 /* GameView.swift */; };
		E84A8D377AA9FFD4F7ED42F8 /* xxhash.cpp in Sources */ = {isa = PBXBuildFile; fileRef = 32B2DF996A11CA1A0D7AD925 /* xxhash.cpp */; };
		EA35C2C6B22BFB129B19ECAF /* XiangqiPGN.swift in Sources */ = {isa = PBXBuildFile; fileRef = 9D8448BBA04FB471A57335FC /* XiangqiPGN.swift */; };
		EAD52C04F2B125F6BCDC5766 /* ccpd-audit.json in Resources */ = {isa = PBXBuildFile; fileRef = 58761FC8D50271283C10FA46 /* ccpd-audit.json */; };
		ECBBEC2997E75F2746D223BC /* nnue_misc.cpp in Sources */ = {isa = PBXBuildFile; fileRef = A93A68EB3E534C6DF71BB75E /* nnue_misc.cpp */; };
		ED35A9766DBA9E953D847261 /* CCPD-source.json in Resources */ = {isa = PBXBuildFile; fileRef = 421C2B82A0CC4D435D9D05DB /* CCPD-source.json */; };
		EF025D2B890779973959C03E /* GameMenuView.swift in Sources */ = {isa = PBXBuildFile; fileRef = BBCF0497962AE729178767BF /* GameMenuView.swift */; };
		F1B07E6AC78A48686FA0458E /* Domain.swift in Sources */ = {isa = PBXBuildFile; fileRef = 38295D9B4B9E673FD9A09A5A /* Domain.swift */; };
		F34BA1AD202A9C9CDA4B7547 /* Rules.swift in Sources */ = {isa = PBXBuildFile; fileRef = 702E837B99C57174124717B6 /* Rules.swift */; };
		F651D1EAB261E4C75055C7AE /* GameRepository.swift in Sources */ = {isa = PBXBuildFile; fileRef = FE9466662BF7DF214D3A5E81 /* GameRepository.swift */; };
		FC798827C933F44AF169BDE4 /* evaluate.cpp in Sources */ = {isa = PBXBuildFile; fileRef = 7F080F7A38BB0B829C749079 /* evaluate.cpp */; };
		FD529AC85997A06E79B44D42 /* uci.cpp in Sources */ = {isa = PBXBuildFile; fileRef = E665A799C8BA9656C856F2FB /* uci.cpp */; };
		FDEAE09BBCB6E5120FAAE5AA /* movepick.cpp in Sources */ = {isa = PBXBuildFile; fileRef = 9BD7D62C8A8014D66F6E7248 /* movepick.cpp */; };
/* End PBXBuildFile section */

/* Begin PBXContainerItemProxy section */
		928BA09BDBE959C644EF7A57 /* PBXContainerItemProxy */ = {
			isa = PBXContainerItemProxy;
			containerPortal = FB2B3888AB545A8350B8D5F5 /* Project object */;
			proxyType = 1;
			remoteGlobalIDString = 36CE8E87D428057C494109E6;
			remoteInfo = XiangqiMobile;
		};
/* End PBXContainerItemProxy section */

/* Begin PBXFileReference section */
		06F3DC40DE99B3D15CCDDE32 /* Notation.swift */ = {isa = PBXFileReference; includeInIndex = 1; lastKnownFileType = sourcecode.swift; path = Notation.swift; sourceTree = "<group>"; };
		0DDC72A72B897870DD986F9C /* ccpd-quarantine.jsonl */ = {isa = PBXFileReference; includeInIndex = 1; path = "ccpd-quarantine.jsonl"; sourceTree = "<group>"; };
		0E4309E41E81638F247D3B9A /* pikafish.nnue */ = {isa = PBXFileReference; includeInIndex = 1; path = pikafish.nnue; sourceTree = "<group>"; };
		10332A17CEE203955749DA22 /* misc.cpp */ = {isa = PBXFileReference; includeInIndex = 1; lastKnownFileType = sourcecode.cpp.cpp; path = misc.cpp; sourceTree = "<group>"; };
		12D1F3FA072CA3616F78332D /* NewGameView.swift */ = {isa = PBXFileReference; includeInIndex = 1; lastKnownFileType = sourcecode.swift; path = NewGameView.swift; sourceTree = "<group>"; };
		185C59D0FD1D5F873692490B /* debug.cpp */ = {isa = PBXFileReference; includeInIndex = 1; lastKnownFileType = sourcecode.cpp.cpp; path = debug.cpp; sourceTree = "<group>"; };
		187241610C0C0A28C4BD6BF9 /* XiangqiMobile-Bridging-Header.h */ = {isa = PBXFileReference; includeInIndex = 1; lastKnownFileType = sourcecode.c.h; path = "XiangqiMobile-Bridging-Header.h"; sourceTree = "<group>"; };
		19027B40EB75204429884E19 /* MoveHistoryView.swift */ = {isa = PBXFileReference; includeInIndex = 1; lastKnownFileType = sourcecode.swift; path = MoveHistoryView.swift; sourceTree = "<group>"; };
		1E793B5D9791473448386080 /* threading.cpp */ = {isa = PBXFileReference; includeInIndex = 1; lastKnownFileType = sourcecode.cpp.cpp; path = threading.cpp; sourceTree = "<group>"; };
		215FDD0033B22F9D48946354 /* fse_decompress.cpp */ = {isa = PBXFileReference; includeInIndex = 1; lastKnownFileType = sourcecode.cpp.cpp; path = fse_decompress.cpp; sourceTree = "<group>"; };
		24A6E51EC539AA334C89CC5D /* Pikafish-GPL-3.0.txt */ = {isa = PBXFileReference; includeInIndex = 1; path = "Pikafish-GPL-3.0.txt"; sourceTree = "<group>"; };
		27483689A2C548AD16F14134 /* zstd_ddict.cpp */ = {isa = PBXFileReference; includeInIndex = 1; lastKnownFileType = sourcecode.cpp.cpp; path = zstd_ddict.cpp; sourceTree = "<group>"; };
		2863623224AD3E5E5B19A180 /* Localizable.xcstrings */ = {isa = PBXFileReference; includeInIndex = 1; path = Localizable.xcstrings; sourceTree = "<group>"; };
		2B33A766A279934FEBD6F7FD /* zstd_common.cpp */ = {isa = PBXFileReference; includeInIndex = 1; lastKnownFileType = sourcecode.cpp.cpp; path = zstd_common.cpp; sourceTree = "<group>"; };
		32B2DF996A11CA1A0D7AD925 /* xxhash.cpp */ = {isa = PBXFileReference; includeInIndex = 1; lastKnownFileType = sourcecode.cpp.cpp; path = xxhash.cpp; sourceTree = "<group>"; };
		32CDC0A19E1AB95BF5A1F3A8 /* GameSession.swift */ = {isa = PBXFileReference; includeInIndex = 1; lastKnownFileType = sourcecode.swift; path = GameSession.swift; sourceTree = "<group>"; };
		330FB5A8FF82CE8F61BFAE88 /* tune.cpp */ = {isa = PBXFileReference; includeInIndex = 1; lastKnownFileType = sourcecode.cpp.cpp; path = tune.cpp; sourceTree = "<group>"; };
		33DD1A9BCF1FB8C6640D3A85 /* nnue_accumulator.cpp */ = {isa = PBXFileReference; includeInIndex = 1; lastKnownFileType = sourcecode.cpp.cpp; path = nnue_accumulator.cpp; sourceTree = "<group>"; };
		3655BF93A1FF72D2AFE9200C /* movegen.cpp */ = {isa = PBXFileReference; includeInIndex = 1; lastKnownFileType = sourcecode.cpp.cpp; path = movegen.cpp; sourceTree = "<group>"; };
		38295D9B4B9E673FD9A09A5A /* Domain.swift */ = {isa = PBXFileReference; includeInIndex = 1; lastKnownFileType = sourcecode.swift; path = Domain.swift; sourceTree = "<group>"; };
		3BDA5CE56F4B3524B5091AE0 /* timeman.cpp */ = {isa = PBXFileReference; includeInIndex = 1; lastKnownFileType = sourcecode.cpp.cpp; path = timeman.cpp; sourceTree = "<group>"; };
		3DBF2A39F60484B33B03B246 /* Foundation.framework */ = {isa = PBXFileReference; lastKnownFileType = wrapper.framework; name = Foundation.framework; path = Platforms/iPhoneOS.platform/Developer/SDKs/iPhoneOS26.0.sdk/System/Library/Frameworks/Foundation.framework; sourceTree = DEVELOPER_DIR; };
		4091B81FC0E1389C174CABD4 /* error_private.cpp */ = {isa = PBXFileReference; includeInIndex = 1; lastKnownFileType = sourcecode.cpp.cpp; path = error_private.cpp; sourceTree = "<group>"; };
		40CAC01CF4509BD5520D19CF /* LearningProgress.swift */ = {isa = PBXFileReference; includeInIndex = 1; lastKnownFileType = sourcecode.swift; path = LearningProgress.swift; sourceTree = "<group>"; };
		41A6A43FE9D1D3717B90819A /* Pikafish-AUTHORS.txt */ = {isa = PBXFileReference; includeInIndex = 1; path = "Pikafish-AUTHORS.txt"; sourceTree = "<group>"; };
		421C2B82A0CC4D435D9D05DB /* CCPD-source.json */ = {isa = PBXFileReference; includeInIndex = 1; path = "CCPD-source.json"; sourceTree = "<group>"; };
		4579EA90B480C429769D8C14 /* AppModel.swift */ = {isa = PBXFileReference; includeInIndex = 1; lastKnownFileType = sourcecode.swift; path = AppModel.swift; sourceTree = "<group>"; };
		4F4AAD34771CFB508AA520FE /* engine.cpp */ = {isa = PBXFileReference; includeInIndex = 1; lastKnownFileType = sourcecode.cpp.cpp; path = engine.cpp; sourceTree = "<group>"; };
		54DB7D3B54AD012604C28105 /* position.cpp */ = {isa = PBXFileReference; includeInIndex = 1; lastKnownFileType = sourcecode.cpp.cpp; path = position.cpp; sourceTree = "<group>"; };
		54EB73384673C8AF1444C535 /* ccpd.sqlite3 */ = {isa = PBXFileReference; includeInIndex = 1; path = ccpd.sqlite3; sourceTree = "<group>"; };
		58761FC8D50271283C10FA46 /* ccpd-audit.json */ = {isa = PBXFileReference; includeInIndex = 1; path = "ccpd-audit.json"; sourceTree = "<group>"; };
		5F2BF145B00B789D585677D2 /* XiangqiMobileApp.swift */ = {isa = PBXFileReference; includeInIndex = 1; lastKnownFileType = sourcecode.swift; path = XiangqiMobileApp.swift; sourceTree = "<group>"; };
		5F77BE97A3C1252107D02250 /* SettingsView.swift */ = {isa = PBXFileReference; includeInIndex = 1; lastKnownFileType = sourcecode.swift; path = SettingsView.swift; sourceTree = "<group>"; };
		620FC68B0C58E94AC20AEE20 /* GameView.swift */ = {isa = PBXFileReference; includeInIndex = 1; lastKnownFileType = sourcecode.swift; path = GameView.swift; sourceTree = "<group>"; };
		65C86454C25D9E035B2270E0 /* bitboard.cpp */ = {isa = PBXFileReference; includeInIndex = 1; lastKnownFileType = sourcecode.cpp.cpp; path = bitboard.cpp; sourceTree = "<group>"; };
		6960A733562148E52D0DBED5 /* XiangqiMobile.app */ = {isa = PBXFileReference; explicitFileType = wrapper.application; includeInIndex = 0; path = XiangqiMobile.app; sourceTree = BUILT_PRODUCTS_DIR; };
		702E837B99C57174124717B6 /* Rules.swift */ = {isa = PBXFileReference; includeInIndex = 1; lastKnownFileType = sourcecode.swift; path = Rules.swift; sourceTree = "<group>"; };
		7376E9FE0ACFD04698503CE2 /* pool.cpp */ = {isa = PBXFileReference; includeInIndex = 1; lastKnownFileType = sourcecode.cpp.cpp; path = pool.cpp; sourceTree = "<group>"; };
		7BB373A5542338EF4C8E8807 /* AppLanguage.swift */ = {isa = PBXFileReference; includeInIndex = 1; lastKnownFileType = sourcecode.swift; path = AppLanguage.swift; sourceTree = "<group>"; };
		7F080F7A38BB0B829C749079 /* evaluate.cpp */ = {isa = PBXFileReference; includeInIndex = 1; lastKnownFileType = sourcecode.cpp.cpp; path = evaluate.cpp; sourceTree = "<group>"; };
		8179D681A6F921FED1F8AB9F /* entropy_common.cpp */ = {isa = PBXFileReference; includeInIndex = 1; lastKnownFileType = sourcecode.cpp.cpp; path = entropy_common.cpp; sourceTree = "<group>"; };
		8417F14D6F82A88FED21A6FA /* huf_decompress.cpp */ = {isa = PBXFileReference; includeInIndex = 1; lastKnownFileType = sourcecode.cpp.cpp; path = huf_decompress.cpp; sourceTree = "<group>"; };
		8A008C429DCB64C0224766DE /* Theme.swift */ = {isa = PBXFileReference; includeInIndex = 1; lastKnownFileType = sourcecode.swift; path = Theme.swift; sourceTree = "<group>"; };
		8B62D21A867F8CF365DC1A05 /* ResultView.swift */ = {isa = PBXFileReference; includeInIndex = 1; lastKnownFileType = sourcecode.swift; path = ResultView.swift; sourceTree = "<group>"; };
		90A69A44E77D99D568DA576B /* CCPDLibrary.swift */ = {isa = PBXFileReference; includeInIndex = 1; lastKnownFileType = sourcecode.swift; path = CCPDLibrary.swift; sourceTree = "<group>"; };
		95647B9386A02DAEAE3502C2 /* CCPD-CC-BY-4.0.txt */ = {isa = PBXFileReference; includeInIndex = 1; path = "CCPD-CC-BY-4.0.txt"; sourceTree = "<group>"; };
		994A859AD9DD96DD3F332A66 /* PikafishBridge.cpp */ = {isa = PBXFileReference; includeInIndex = 1; lastKnownFileType = sourcecode.cpp.cpp; path = PikafishBridge.cpp; sourceTree = "<group>"; };
		9A468CA6C23F5F166B638CAA /* SmokeTests.swift */ = {isa = PBXFileReference; includeInIndex = 1; lastKnownFileType = sourcecode.swift; path = SmokeTests.swift; sourceTree = "<group>"; };
		9A7B5ACAA5DCC18FEE2BC5A4 /* XiangqiMobileUITests.xctest */ = {isa = PBXFileReference; explicitFileType = wrapper.cfbundle; includeInIndex = 0; path = XiangqiMobileUITests.xctest; sourceTree = BUILT_PRODUCTS_DIR; };
		9BD7D62C8A8014D66F6E7248 /* movepick.cpp */ = {isa = PBXFileReference; includeInIndex = 1; lastKnownFileType = sourcecode.cpp.cpp; path = movepick.cpp; sourceTree = "<group>"; };
		9C47711FBEBB14063B5BF62D /* ComputerPlayer.swift */ = {isa = PBXFileReference; includeInIndex = 1; lastKnownFileType = sourcecode.swift; path = ComputerPlayer.swift; sourceTree = "<group>"; };
		9D8448BBA04FB471A57335FC /* XiangqiPGN.swift */ = {isa = PBXFileReference; includeInIndex = 1; lastKnownFileType = sourcecode.swift; path = XiangqiPGN.swift; sourceTree = "<group>"; };
		9D95128780C69F104996AEF1 /* BoardView.swift */ = {isa = PBXFileReference; includeInIndex = 1; lastKnownFileType = sourcecode.swift; path = BoardView.swift; sourceTree = "<group>"; };
		A8D1BDCB803B23304DEED531 /* attacks.cpp */ = {isa = PBXFileReference; includeInIndex = 1; lastKnownFileType = sourcecode.cpp.cpp; path = attacks.cpp; sourceTree = "<group>"; };
		A93A68EB3E534C6DF71BB75E /* nnue_misc.cpp */ = {isa = PBXFileReference; includeInIndex = 1; lastKnownFileType = sourcecode.cpp.cpp; path = nnue_misc.cpp; sourceTree = "<group>"; };
		A94358272E26ED349FE8C4BD /* half_ka_v2_hm.cpp */ = {isa = PBXFileReference; includeInIndex = 1; lastKnownFileType = sourcecode.cpp.cpp; path = half_ka_v2_hm.cpp; sourceTree = "<group>"; };
		AD8941F6B0D9C0715B16CBE0 /* ucioption.cpp */ = {isa = PBXFileReference; includeInIndex = 1; lastKnownFileType = sourcecode.cpp.cpp; path = ucioption.cpp; sourceTree = "<group>"; };
		BBCF0497962AE729178767BF /* GameMenuView.swift */ = {isa = PBXFileReference; includeInIndex = 1; lastKnownFileType = sourcecode.swift; path = GameMenuView.swift; sourceTree = "<group>"; };
		C240569C61444538E1FA479A /* thread.cpp */ = {isa = PBXFileReference; includeInIndex = 1; lastKnownFileType = sourcecode.cpp.cpp; path = thread.cpp; sourceTree = "<group>"; };
		C3DD378204E6F179FB35A68A /* network.cpp */ = {isa = PBXFileReference; includeInIndex = 1; lastKnownFileType = sourcecode.cpp.cpp; path = network.cpp; sourceTree = "<group>"; };
		C69197C1D80B8619F192F006 /* zstd_decompress.cpp */ = {isa = PBXFileReference; includeInIndex = 1; lastKnownFileType = sourcecode.cpp.cpp; path = zstd_decompress.cpp; sourceTree = "<group>"; };
		C734AAE439A4FE76D9378288 /* Position.swift */ = {isa = PBXFileReference; includeInIndex = 1; lastKnownFileType = sourcecode.swift; path = Position.swift; sourceTree = "<group>"; };
		CF5F6567B72F73E7D235C31C /* tt.cpp */ = {isa = PBXFileReference; includeInIndex = 1; lastKnownFileType = sourcecode.cpp.cpp; path = tt.cpp; sourceTree = "<group>"; };
		D76F07409FB0936B86C368AD /* score.cpp */ = {isa = PBXFileReference; includeInIndex = 1; lastKnownFileType = sourcecode.cpp.cpp; path = score.cpp; sourceTree = "<group>"; };
		D782A83F7C5CE916F93AAAED /* PikafishComputerClient.swift */ = {isa = PBXFileReference; includeInIndex = 1; lastKnownFileType = sourcecode.swift; path = PikafishComputerClient.swift; sourceTree = "<group>"; };
		D79A6EA42B6953F58F55692D /* zstd_decompress_block.cpp */ = {isa = PBXFileReference; includeInIndex = 1; lastKnownFileType = sourcecode.cpp.cpp; path = zstd_decompress_block.cpp; sourceTree = "<group>"; };
		D913A85222CC76DAB9065C23 /* CCPDPuzzle.swift */ = {isa = PBXFileReference; includeInIndex = 1; lastKnownFileType = sourcecode.swift; path = CCPDPuzzle.swift; sourceTree = "<group>"; };
		DE15BB2E550AE665FB8B64BD /* search.cpp */ = {isa = PBXFileReference; includeInIndex = 1; lastKnownFileType = sourcecode.cpp.cpp; path = search.cpp; sourceTree = "<group>"; };
		DE29C92A6284BFFD358B4683 /* LearningViews.swift */ = {isa = PBXFileReference; includeInIndex = 1; lastKnownFileType = sourcecode.swift; path = LearningViews.swift; sourceTree = "<group>"; };
		E665A799C8BA9656C856F2FB /* uci.cpp */ = {isa = PBXFileReference; includeInIndex = 1; lastKnownFileType = sourcecode.cpp.cpp; path = uci.cpp; sourceTree = "<group>"; };
		EC916EE8B53D8042C44828E6 /* PikafishBridge.h */ = {isa = PBXFileReference; includeInIndex = 1; lastKnownFileType = sourcecode.c.h; path = PikafishBridge.h; sourceTree = "<group>"; };
		F11B67E38F0E9F30A5476864 /* full_threats.cpp */ = {isa = PBXFileReference; includeInIndex = 1; lastKnownFileType = sourcecode.cpp.cpp; path = full_threats.cpp; sourceTree = "<group>"; };
		F353A05D3551DCEABA32BD3E /* HomeView.swift */ = {isa = PBXFileReference; includeInIndex = 1; lastKnownFileType = sourcecode.swift; path = HomeView.swift; sourceTree = "<group>"; };
		F821C94468FE3BDFA7A78102 /* RootView.swift */ = {isa = PBXFileReference; includeInIndex = 1; lastKnownFileType = sourcecode.swift; path = RootView.swift; sourceTree = "<group>"; };
		F89B8FCD3C91E0A21A40EB3B /* memory.cpp */ = {isa = PBXFileReference; includeInIndex = 1; lastKnownFileType = sourcecode.cpp.cpp; path = memory.cpp; sourceTree = "<group>"; };
		F8BCADCC3D6C7D7C813F16C9 /* benchmark.cpp */ = {isa = PBXFileReference; includeInIndex = 1; lastKnownFileType = sourcecode.cpp.cpp; path = benchmark.cpp; sourceTree = "<group>"; };
		FE9466662BF7DF214D3A5E81 /* GameRepository.swift */ = {isa = PBXFileReference; includeInIndex = 1; lastKnownFileType = sourcecode.swift; path = GameRepository.swift; sourceTree = "<group>"; };
/* End PBXFileReference section */

/* Begin PBXFrameworksBuildPhase section */
		841C73AF8670F3DDE9F16101 /* Frameworks */ = {
			isa = PBXFrameworksBuildPhase;
			buildActionMask = 2147483647;
			files = (
				468856B0806C34AE21BAEF2A /* Foundation.framework in Frameworks */,
			);
			runOnlyForDeploymentPostprocessing = 0;
		};
		9A703070A074C3404D77870D /* Frameworks */ = {
			isa = PBXFrameworksBuildPhase;
			buildActionMask = 2147483647;
			files = (
				90665BDBFDD91D7909C3FA81 /* Foundation.framework in Frameworks */,
			);
			runOnlyForDeploymentPostprocessing = 0;
		};
/* End PBXFrameworksBuildPhase section */

/* Begin PBXGroup section */
		034C893E521D40ED82B141E8 /* Engine */ = {
			isa = PBXGroup;
			children = (
				0E4309E41E81638F247D3B9A /* pikafish.nnue */,
			);
			name = Engine;
			path = Engine;
			sourceTree = "<group>";
		};
		0CCE61AA901522B0F7860C0F /* Localizations */ = {
			isa = PBXGroup;
			children = (
				2863623224AD3E5E5B19A180 /* Localizable.xcstrings */,
			);
			name = Localizations;
			path = Localizations;
			sourceTree = "<group>";
		};
		1130E1755DD6A63B059F6D07 /* Products */ = {
			isa = PBXGroup;
			children = (
				6960A733562148E52D0DBED5 /* XiangqiMobile.app */,
				9A7B5ACAA5DCC18FEE2BC5A4 /* XiangqiMobileUITests.xctest */,
			);
			name = Products;
			sourceTree = "<group>";
		};
		1B5F14413DD82DE71D538B55 = {
			isa = PBXGroup;
			children = (
				1130E1755DD6A63B059F6D07 /* Products */,
				30037A6CFA507454EB54AE7B /* Frameworks */,
				DA361676D20950159BE51B15 /* XiangqiMobile */,
				2FCF30DCD7DCE1C9D39F88BF /* EngineBridge */,
				45CC12B05275685EC1F77958 /* Pikafish */,
				73F3FBE6B11676F1E5B230EF /* Resources */,
				AA6793150BF9948FCF050A85 /* Tests */,
			);
			sourceTree = "<group>";
		};
		1EAE012CABE9BF466BD36B9E /* decompress */ = {
			isa = PBXGroup;
			children = (
				8417F14D6F82A88FED21A6FA /* huf_decompress.cpp */,
				27483689A2C548AD16F14134 /* zstd_ddict.cpp */,
				C69197C1D80B8619F192F006 /* zstd_decompress.cpp */,
				D79A6EA42B6953F58F55692D /* zstd_decompress_block.cpp */,
			);
			name = decompress;
			path = decompress;
			sourceTree = "<group>";
		};
		2FCF30DCD7DCE1C9D39F88BF /* EngineBridge */ = {
			isa = PBXGroup;
			children = (
				994A859AD9DD96DD3F332A66 /* PikafishBridge.cpp */,
				EC916EE8B53D8042C44828E6 /* PikafishBridge.h */,
				187241610C0C0A28C4BD6BF9 /* XiangqiMobile-Bridging-Header.h */,
			);
			name = EngineBridge;
			path = EngineBridge;
			sourceTree = "<group>";
		};
		30037A6CFA507454EB54AE7B /* Frameworks */ = {
			isa = PBXGroup;
			children = (
				9C1FBBED1185625461A6D0D0 /* iOS */,
			);
			name = Frameworks;
			sourceTree = "<group>";
		};
		3C45E66688039E40B612C1A7 /* XiangqiMobileUITests */ = {
			isa = PBXGroup;
			children = (
				9A468CA6C23F5F166B638CAA /* SmokeTests.swift */,
			);
			name = XiangqiMobileUITests;
			path = XiangqiMobileUITests;
			sourceTree = "<group>";
		};
		3DEEE27768FA4400271B961C /* App */ = {
			isa = PBXGroup;
			children = (
				7BB373A5542338EF4C8E8807 /* AppLanguage.swift */,
				4579EA90B480C429769D8C14 /* AppModel.swift */,
				FE9466662BF7DF214D3A5E81 /* GameRepository.swift */,
				32CDC0A19E1AB95BF5A1F3A8 /* GameSession.swift */,
				D782A83F7C5CE916F93AAAED /* PikafishComputerClient.swift */,
				F821C94468FE3BDFA7A78102 /* RootView.swift */,
				8A008C429DCB64C0224766DE /* Theme.swift */,
				5F2BF145B00B789D585677D2 /* XiangqiMobileApp.swift */,
			);
			name = App;
			path = App;
			sourceTree = "<group>";
		};
		45CC12B05275685EC1F77958 /* Pikafish */ = {
			isa = PBXGroup;
			children = (
				A8D1BDCB803B23304DEED531 /* attacks.cpp */,
				F8BCADCC3D6C7D7C813F16C9 /* benchmark.cpp */,
				65C86454C25D9E035B2270E0 /* bitboard.cpp */,
				4F4AAD34771CFB508AA520FE /* engine.cpp */,
				7F080F7A38BB0B829C749079 /* evaluate.cpp */,
				E1A7CE3BFCD2563737727A31 /* external */,
				F89B8FCD3C91E0A21A40EB3B /* memory.cpp */,
				10332A17CEE203955749DA22 /* misc.cpp */,
				3655BF93A1FF72D2AFE9200C /* movegen.cpp */,
				9BD7D62C8A8014D66F6E7248 /* movepick.cpp */,
				EFAD8553A299E5AD899D105D /* nnue */,
				54DB7D3B54AD012604C28105 /* position.cpp */,
				D76F07409FB0936B86C368AD /* score.cpp */,
				DE15BB2E550AE665FB8B64BD /* search.cpp */,
				C240569C61444538E1FA479A /* thread.cpp */,
				3BDA5CE56F4B3524B5091AE0 /* timeman.cpp */,
				CF5F6567B72F73E7D235C31C /* tt.cpp */,
				330FB5A8FF82CE8F61BFAE88 /* tune.cpp */,
				E665A799C8BA9656C856F2FB /* uci.cpp */,
				AD8941F6B0D9C0715B16CBE0 /* ucioption.cpp */,
			);
			name = Pikafish;
			path = Vendor/Pikafish/src;
			sourceTree = "<group>";
		};
		46FC3B71C1C23809DE0520A8 /* common */ = {
			isa = PBXGroup;
			children = (
				185C59D0FD1D5F873692490B /* debug.cpp */,
				8179D681A6F921FED1F8AB9F /* entropy_common.cpp */,
				4091B81FC0E1389C174CABD4 /* error_private.cpp */,
				215FDD0033B22F9D48946354 /* fse_decompress.cpp */,
				7376E9FE0ACFD04698503CE2 /* pool.cpp */,
				1E793B5D9791473448386080 /* threading.cpp */,
				32B2DF996A11CA1A0D7AD925 /* xxhash.cpp */,
				2B33A766A279934FEBD6F7FD /* zstd_common.cpp */,
			);
			name = common;
			path = common;
			sourceTree = "<group>";
		};
		685EABD68CA226576CD9F844 /* features */ = {
			isa = PBXGroup;
			children = (
				F11B67E38F0E9F30A5476864 /* full_threats.cpp */,
				A94358272E26ED349FE8C4BD /* half_ka_v2_hm.cpp */,
			);
			name = features;
			path = features;
			sourceTree = "<group>";
		};
		73F3FBE6B11676F1E5B230EF /* Resources */ = {
			isa = PBXGroup;
			children = (
				034C893E521D40ED82B141E8 /* Engine */,
				D5F19A80A95A65146DF138E5 /* Licenses */,
				D148C9922F6D33847786BCA6 /* Learning */,
				0CCE61AA901522B0F7860C0F /* Localizations */,
			);
			name = Resources;
			path = Resources;
			sourceTree = "<group>";
		};
		98E8502EEAB08CE7362DC45E /* Core */ = {
			isa = PBXGroup;
			children = (
				90A69A44E77D99D568DA576B /* CCPDLibrary.swift */,
				D913A85222CC76DAB9065C23 /* CCPDPuzzle.swift */,
				9C47711FBEBB14063B5BF62D /* ComputerPlayer.swift */,
				38295D9B4B9E673FD9A09A5A /* Domain.swift */,
				40CAC01CF4509BD5520D19CF /* LearningProgress.swift */,
				06F3DC40DE99B3D15CCDDE32 /* Notation.swift */,
				C734AAE439A4FE76D9378288 /* Position.swift */,
				702E837B99C57174124717B6 /* Rules.swift */,
				9D8448BBA04FB471A57335FC /* XiangqiPGN.swift */,
			);
			name = Core;
			path = Core;
			sourceTree = "<group>";
		};
		9C1FBBED1185625461A6D0D0 /* iOS */ = {
			isa = PBXGroup;
			children = (
				3DBF2A39F60484B33B03B246 /* Foundation.framework */,
			);
			name = iOS;
			sourceTree = "<group>";
		};
		AA6793150BF9948FCF050A85 /* Tests */ = {
			isa = PBXGroup;
			children = (
				3C45E66688039E40B612C1A7 /* XiangqiMobileUITests */,
			);
			name = Tests;
			path = Tests;
			sourceTree = "<group>";
		};
		D148C9922F6D33847786BCA6 /* Learning */ = {
			isa = PBXGroup;
			children = (
				421C2B82A0CC4D435D9D05DB /* CCPD-source.json */,
				54EB73384673C8AF1444C535 /* ccpd.sqlite3 */,
				58761FC8D50271283C10FA46 /* ccpd-audit.json */,
				0DDC72A72B897870DD986F9C /* ccpd-quarantine.jsonl */,
			);
			name = Learning;
			path = Learning;
			sourceTree = "<group>";
		};
		D5F19A80A95A65146DF138E5 /* Licenses */ = {
			isa = PBXGroup;
			children = (
				24A6E51EC539AA334C89CC5D /* Pikafish-GPL-3.0.txt */,
				41A6A43FE9D1D3717B90819A /* Pikafish-AUTHORS.txt */,
				95647B9386A02DAEAE3502C2 /* CCPD-CC-BY-4.0.txt */,
			);
			name = Licenses;
			path = Licenses;
			sourceTree = "<group>";
		};
		DA361676D20950159BE51B15 /* XiangqiMobile */ = {
			isa = PBXGroup;
			children = (
				3DEEE27768FA4400271B961C /* App */,
				98E8502EEAB08CE7362DC45E /* Core */,
				F8106AD23D6224BDAC669809 /* Features */,
			);
			name = XiangqiMobile;
			path = XiangqiMobile;
			sourceTree = "<group>";
		};
		E1A7CE3BFCD2563737727A31 /* external */ = {
			isa = PBXGroup;
			children = (
				46FC3B71C1C23809DE0520A8 /* common */,
				1EAE012CABE9BF466BD36B9E /* decompress */,
			);
			name = external;
			path = external;
			sourceTree = "<group>";
		};
		EFAD8553A299E5AD899D105D /* nnue */ = {
			isa = PBXGroup;
			children = (
				685EABD68CA226576CD9F844 /* features */,
				C3DD378204E6F179FB35A68A /* network.cpp */,
				33DD1A9BCF1FB8C6640D3A85 /* nnue_accumulator.cpp */,
				A93A68EB3E534C6DF71BB75E /* nnue_misc.cpp */,
			);
			name = nnue;
			path = nnue;
			sourceTree = "<group>";
		};
		F8106AD23D6224BDAC669809 /* Features */ = {
			isa = PBXGroup;
			children = (
				9D95128780C69F104996AEF1 /* BoardView.swift */,
				BBCF0497962AE729178767BF /* GameMenuView.swift */,
				620FC68B0C58E94AC20AEE20 /* GameView.swift */,
				F353A05D3551DCEABA32BD3E /* HomeView.swift */,
				DE29C92A6284BFFD358B4683 /* LearningViews.swift */,
				19027B40EB75204429884E19 /* MoveHistoryView.swift */,
				12D1F3FA072CA3616F78332D /* NewGameView.swift */,
				8B62D21A867F8CF365DC1A05 /* ResultView.swift */,
				5F77BE97A3C1252107D02250 /* SettingsView.swift */,
			);
			name = Features;
			path = Features;
			sourceTree = "<group>";
		};
/* End PBXGroup section */

/* Begin PBXNativeTarget section */
		36CE8E87D428057C494109E6 /* XiangqiMobile */ = {
			isa = PBXNativeTarget;
			buildConfigurationList = 0963EE5A48B40AD404CC16FB /* Build configuration list for PBXNativeTarget "XiangqiMobile" */;
			buildPhases = (
				B538DF751597E8FD58894403 /* Sources */,
				841C73AF8670F3DDE9F16101 /* Frameworks */,
				14EFC62342ED98BC30F130E3 /* Resources */,
			);
			buildRules = (
			);
			dependencies = (
			);
			name = XiangqiMobile;
			productName = XiangqiMobile;
			productReference = 6960A733562148E52D0DBED5 /* XiangqiMobile.app */;
			productType = "com.apple.product-type.application";
		};
		F37C2B26F29C6B18A71763DA /* XiangqiMobileUITests */ = {
			isa = PBXNativeTarget;
			buildConfigurationList = 102DF7A437FC633359B85782 /* Build configuration list for PBXNativeTarget "XiangqiMobileUITests" */;
			buildPhases = (
				D7D79EEF64FB88133AB31E3D /* Sources */,
				9A703070A074C3404D77870D /* Frameworks */,
				B3626CA580138E4968D8D847 /* Resources */,
			);
			buildRules = (
			);
			dependencies = (
				1BD3515DDE29FEFF5B028743 /* PBXTargetDependency */,
			);
			name = XiangqiMobileUITests;
			productName = XiangqiMobileUITests;
			productReference = 9A7B5ACAA5DCC18FEE2BC5A4 /* XiangqiMobileUITests.xctest */;
			productType = "com.apple.product-type.bundle.ui-testing";
		};
/* End PBXNativeTarget section */

/* Begin PBXProject section */
		FB2B3888AB545A8350B8D5F5 /* Project object */ = {
			isa = PBXProject;
			attributes = {
				LastSwiftUpdateCheck = 2700;
				LastUpgradeCheck = 2700;
			};
			buildConfigurationList = 5D494897BB91BB5324405EE3 /* Build configuration list for PBXProject "XiangqiMobile" */;
			compatibilityVersion = "Xcode 3.2";
			developmentRegion = en;
			hasScannedForEncodings = 0;
			knownRegions = (
				en,
				Base,
			);
			mainGroup = 1B5F14413DD82DE71D538B55;
			minimizedProjectReferenceProxies = 0;
			preferredProjectObjectVersion = 100;
			productRefGroup = 1130E1755DD6A63B059F6D07 /* Products */;
			projectDirPath = "";
			projectRoot = "";
			targets = (
				36CE8E87D428057C494109E6 /* XiangqiMobile */,
				F37C2B26F29C6B18A71763DA /* XiangqiMobileUITests */,
			);
		};
/* End PBXProject section */

/* Begin PBXResourcesBuildPhase section */
		14EFC62342ED98BC30F130E3 /* Resources */ = {
			isa = PBXResourcesBuildPhase;
			buildActionMask = 2147483647;
			files = (
				1A09CFB866558774C8E41247 /* pikafish.nnue in Resources */,
				C4C009B800DF68C37631C6A0 /* Pikafish-GPL-3.0.txt in Resources */,
				3E0598E54565F6FC40D66F88 /* Pikafish-AUTHORS.txt in Resources */,
				444A6F60283C049DB5922AA5 /* CCPD-CC-BY-4.0.txt in Resources */,
				ED35A9766DBA9E953D847261 /* CCPD-source.json in Resources */,
				02432BAD1F28D6EC42F7E945 /* ccpd.sqlite3 in Resources */,
				EAD52C04F2B125F6BCDC5766 /* ccpd-audit.json in Resources */,
				08E68E00E5D98F53A0506AB3 /* ccpd-quarantine.jsonl in Resources */,
				13306945524520DCB2AD1C74 /* Localizable.xcstrings in Resources */,
			);
			runOnlyForDeploymentPostprocessing = 0;
		};
		B3626CA580138E4968D8D847 /* Resources */ = {
			isa = PBXResourcesBuildPhase;
			buildActionMask = 2147483647;
			files = (
			);
			runOnlyForDeploymentPostprocessing = 0;
		};
/* End PBXResourcesBuildPhase section */

/* Begin PBXSourcesBuildPhase section */
		B538DF751597E8FD58894403 /* Sources */ = {
			isa = PBXSourcesBuildPhase;
			buildActionMask = 2147483647;
			files = (
				DD2F2C62415D3438F6A104A0 /* AppLanguage.swift in Sources */,
				CCE666B58BDC633578984A0A /* AppModel.swift in Sources */,
				F651D1EAB261E4C75055C7AE /* GameRepository.swift in Sources */,
				DDEC54DBACE5B5EDFE20B50B /* GameSession.swift in Sources */,
				A9512F792D5080FDCBC4DAA0 /* PikafishComputerClient.swift in Sources */,
				521659F5A3C7337F88F1C568 /* RootView.swift in Sources */,
				2DBE6A77A5AEA43ECDE8DADA /* Theme.swift in Sources */,
				08C373CBC9C0F5DC85D7D2F0 /* XiangqiMobileApp.swift in Sources */,
				C26C6B9F5FA308011827CC31 /* CCPDLibrary.swift in Sources */,
				DD5639AA1FA526C182543DF8 /* CCPDPuzzle.swift in Sources */,
				BB091B5F43C34E5F60C0E499 /* ComputerPlayer.swift in Sources */,
				F1B07E6AC78A48686FA0458E /* Domain.swift in Sources */,
				21BA136A1349B95B6DD5A08E /* LearningProgress.swift in Sources */,
				E4B2EAE972874C02C81ADB94 /* Notation.swift in Sources */,
				B030719F574513D9A2DA9B66 /* Position.swift in Sources */,
				F34BA1AD202A9C9CDA4B7547 /* Rules.swift in Sources */,
				EA35C2C6B22BFB129B19ECAF /* XiangqiPGN.swift in Sources */,
				2A1DA3B0FA4C2A0E1CBC7768 /* BoardView.swift in Sources */,
				EF025D2B890779973959C03E /* GameMenuView.swift in Sources */,
				E80265CA2A4DF50F4E3411AE /* GameView.swift in Sources */,
				2110219476D74DF98E81F477 /* HomeView.swift in Sources */,
				CF38480FD175105A51EF77F6 /* LearningViews.swift in Sources */,
				73A63A9DED06333DEA0723C9 /* MoveHistoryView.swift in Sources */,
				4594EE048DF6AA292A15656B /* NewGameView.swift in Sources */,
				7963C5332D5F3626BB317968 /* ResultView.swift in Sources */,
				34B51437BD5CFB7FD399EFBE /* SettingsView.swift in Sources */,
				94EDDD6BBCAB0D22C20533D9 /* PikafishBridge.cpp in Sources */,
				1956B9856BAF7EBC191D71D7 /* attacks.cpp in Sources */,
				C27D7BAF012397CAA9D0577B /* benchmark.cpp in Sources */,
				2E3C467FBCCA4D0664A4C9BB /* bitboard.cpp in Sources */,
				763EAE908644B59DD91948A5 /* engine.cpp in Sources */,
				FC798827C933F44AF169BDE4 /* evaluate.cpp in Sources */,
				0144267EC25FE60395146811 /* debug.cpp in Sources */,
				4322E7F75C45FB72BB32E38A /* entropy_common.cpp in Sources */,
				4C535B7ABB81E94743CB2D46 /* error_private.cpp in Sources */,
				4D40127595750436F3E138D9 /* fse_decompress.cpp in Sources */,
				25AD57669ADD1E31B10AF745 /* pool.cpp in Sources */,
				070FB343700C02B3E88EE01E /* threading.cpp in Sources */,
				E84A8D377AA9FFD4F7ED42F8 /* xxhash.cpp in Sources */,
				060321E79347DF545355139D /* zstd_common.cpp in Sources */,
				93E1433A013DAAC42511911B /* huf_decompress.cpp in Sources */,
				89B69DD70F6E06CFA76E21B7 /* zstd_ddict.cpp in Sources */,
				898721AE994B96D9CE8B799A /* zstd_decompress.cpp in Sources */,
				B7EAC10DE967E829E6D2B26F /* zstd_decompress_block.cpp in Sources */,
				E0D41316C1F23A0D843C3DF7 /* memory.cpp in Sources */,
				D89C8AAF651A6D3FF2ECDBDC /* misc.cpp in Sources */,
				DFCCE61220417383BE5D10CF /* movegen.cpp in Sources */,
				FDEAE09BBCB6E5120FAAE5AA /* movepick.cpp in Sources */,
				852C4F416AE7E3560B04FF0C /* full_threats.cpp in Sources */,
				8A32F0C9AEF413DE1A3C2502 /* half_ka_v2_hm.cpp in Sources */,
				B277929C337E4CEA9423191C /* network.cpp in Sources */,
				E3607DFC31EE3A6A3BE967D0 /* nnue_accumulator.cpp in Sources */,
				ECBBEC2997E75F2746D223BC /* nnue_misc.cpp in Sources */,
				99D2FDFBCE9DA6473EDEC570 /* position.cpp in Sources */,
				077970E396949E58A8B2D7B0 /* score.cpp in Sources */,
				5FBFF6B579C27F302748AA77 /* search.cpp in Sources */,
				E56B04BB51F8CFC01A686BFA /* thread.cpp in Sources */,
				156C27025B7C5E72BD98BF19 /* timeman.cpp in Sources */,
				C18D774171D7314BC977114D /* tt.cpp in Sources */,
				A81768F539EE34A5620ACD8F /* tune.cpp in Sources */,
				FD529AC85997A06E79B44D42 /* uci.cpp in Sources */,
				54E4FB5AF0348EB61CE43214 /* ucioption.cpp in Sources */,
			);
			runOnlyForDeploymentPostprocessing = 0;
		};
		D7D79EEF64FB88133AB31E3D /* Sources */ = {
			isa = PBXSourcesBuildPhase;
			buildActionMask = 2147483647;
			files = (
				43409121DB25011D3658A2DE /* SmokeTests.swift in Sources */,
			);
			runOnlyForDeploymentPostprocessing = 0;
		};
/* End PBXSourcesBuildPhase section */

/* Begin PBXTargetDependency section */
		1BD3515DDE29FEFF5B028743 /* PBXTargetDependency */ = {
			isa = PBXTargetDependency;
			name = XiangqiMobile;
			target = 36CE8E87D428057C494109E6 /* XiangqiMobile */;
			targetProxy = 928BA09BDBE959C644EF7A57 /* PBXContainerItemProxy */;
		};
/* End PBXTargetDependency section */

/* Begin XCBuildConfiguration section */
		2598B5D1C7A764050977F6B7 /* Release */ = {
			isa = XCBuildConfiguration;
			buildSettings = {
				ASSETCATALOG_COMPILER_APPICON_NAME = "";
				ASSETCATALOG_COMPILER_GLOBAL_ACCENT_COLOR_NAME = AccentColor;
				CLANG_CXX_LANGUAGE_STANDARD = "c++17";
				CLANG_CXX_LIBRARY = "libc++";
				CLANG_ENABLE_OBJC_WEAK = NO;
				CODE_SIGN_STYLE = Automatic;
				CURRENT_PROJECT_VERSION = 1;
				DEVELOPMENT_TEAM = "";
				GCC_OPTIMIZATION_LEVEL = 3;
				GCC_PREPROCESSOR_DEFINITIONS = (
					"$(inherited)",
					IS_64BIT,
					"USE_NEON=8",
				);
				GENERATE_INFOPLIST_FILE = YES;
				HEADER_SEARCH_PATHS = (
					"$(inherited)",
					"$(SRCROOT)/EngineBridge",
					"$(SRCROOT)/Vendor/Pikafish/src",
				);
				INFOPLIST_KEY_CFBundleDisplayName = Xiangqi;
				INFOPLIST_KEY_LSApplicationCategoryType = "public.app-category.board-games";
				INFOPLIST_KEY_UIApplicationSceneManifest_Generation = YES;
				INFOPLIST_KEY_UIApplicationSupportsIndirectInputEvents = YES;
				INFOPLIST_KEY_UILaunchScreen_Generation = YES;
				IPHONEOS_DEPLOYMENT_TARGET = 18.0;
				LD_RUNPATH_SEARCH_PATHS = "$(inherited) @executable_path/Frameworks";
				MARKETING_VERSION = 1.0;
				OTHER_LDFLAGS = (
					"$(inherited)",
					"-lsqlite3",
					"-lz",
				);
				PRODUCT_BUNDLE_IDENTIFIER = "com.frankzhu.xiangqi-mobile";
				PRODUCT_NAME = "$(TARGET_NAME)";
				SDKROOT = iphoneos;
				SWIFT_OBJC_BRIDGING_HEADER = "EngineBridge/XiangqiMobile-Bridging-Header.h";
				SWIFT_STRICT_CONCURRENCY = complete;
				SWIFT_VERSION = 5.0;
				TARGETED_DEVICE_FAMILY = "1,2";
				VALIDATE_PRODUCT = YES;
			};
			name = Release;
		};
		41CA93C7D1F9BB1D2885F87D /* Release */ = {
			isa = XCBuildConfiguration;
			buildSettings = {
				CLANG_ENABLE_OBJC_WEAK = NO;
				CODE_SIGN_STYLE = Automatic;
				DEVELOPMENT_TEAM = "";
				GENERATE_INFOPLIST_FILE = YES;
				IPHONEOS_DEPLOYMENT_TARGET = 18.0;
				PRODUCT_BUNDLE_IDENTIFIER = "com.frankzhu.xiangqi-mobile-uitests";
				SDKROOT = iphoneos;
				SWIFT_VERSION = 5.0;
				TEST_TARGET_NAME = XiangqiMobile;
				VALIDATE_PRODUCT = YES;
			};
			name = Release;
		};
		5F7002A158E1A9CDEEA8C740 /* Debug */ = {
			isa = XCBuildConfiguration;
			buildSettings = {
				CLANG_ENABLE_OBJC_WEAK = NO;
				CODE_SIGN_STYLE = Automatic;
				DEVELOPMENT_TEAM = "";
				GENERATE_INFOPLIST_FILE = YES;
				IPHONEOS_DEPLOYMENT_TARGET = 18.0;
				PRODUCT_BUNDLE_IDENTIFIER = "com.frankzhu.xiangqi-mobile-uitests";
				SDKROOT = iphoneos;
				SWIFT_VERSION = 5.0;
				TEST_TARGET_NAME = XiangqiMobile;
			};
			name = Debug;
		};
		6B95C0D71141BFF7C287017C /* Release */ = {
			isa = XCBuildConfiguration;
			buildSettings = {
				ALWAYS_SEARCH_USER_PATHS = NO;
				CLANG_ANALYZER_NONNULL = YES;
				CLANG_ANALYZER_NUMBER_OBJECT_CONVERSION = YES_AGGRESSIVE;
				CLANG_CXX_LANGUAGE_STANDARD = "gnu++14";
				CLANG_CXX_LIBRARY = "libc++";
				CLANG_ENABLE_MODULES = YES;
				CLANG_ENABLE_OBJC_ARC = YES;
				CLANG_ENABLE_OBJC_WEAK = YES;
				CLANG_WARN_BLOCK_CAPTURE_AUTORELEASING = YES;
				CLANG_WARN_BOOL_CONVERSION = YES;
				CLANG_WARN_COMMA = YES;
				CLANG_WARN_CONSTANT_CONVERSION = YES;
				CLANG_WARN_DEPRECATED_OBJC_IMPLEMENTATIONS = YES;
				CLANG_WARN_DIRECT_OBJC_ISA_USAGE = YES_ERROR;
				CLANG_WARN_DOCUMENTATION_COMMENTS = YES;
				CLANG_WARN_EMPTY_BODY = YES;
				CLANG_WARN_ENUM_CONVERSION = YES;
				CLANG_WARN_INFINITE_RECURSION = YES;
				CLANG_WARN_INT_CONVERSION = YES;
				CLANG_WARN_NON_LITERAL_NULL_CONVERSION = YES;
				CLANG_WARN_OBJC_IMPLICIT_RETAIN_SELF = YES;
				CLANG_WARN_OBJC_LITERAL_CONVERSION = YES;
				CLANG_WARN_OBJC_ROOT_CLASS = YES_ERROR;
				CLANG_WARN_QUOTED_INCLUDE_IN_FRAMEWORK_HEADER = YES;
				CLANG_WARN_RANGE_LOOP_ANALYSIS = YES;
				CLANG_WARN_STRICT_PROTOTYPES = YES;
				CLANG_WARN_SUSPICIOUS_MOVE = YES;
				CLANG_WARN_UNGUARDED_AVAILABILITY = YES_AGGRESSIVE;
				CLANG_WARN_UNREACHABLE_CODE = YES;
				CLANG_WARN__DUPLICATE_METHOD_MATCH = YES;
				COPY_PHASE_STRIP = NO;
				DEBUG_INFORMATION_FORMAT = "dwarf-with-dsym";
				ENABLE_NS_ASSERTIONS = NO;
				ENABLE_STRICT_OBJC_MSGSEND = YES;
				GCC_C_LANGUAGE_STANDARD = gnu11;
				GCC_NO_COMMON_BLOCKS = YES;
				GCC_WARN_64_TO_32_BIT_CONVERSION = YES;
				GCC_WARN_ABOUT_RETURN_TYPE = YES_ERROR;
				GCC_WARN_UNDECLARED_SELECTOR = YES;
				GCC_WARN_UNINITIALIZED_AUTOS = YES_AGGRESSIVE;
				GCC_WARN_UNUSED_FUNCTION = YES;
				GCC_WARN_UNUSED_VARIABLE = YES;
				MTL_ENABLE_DEBUG_INFO = NO;
				MTL_FAST_MATH = YES;
				PRODUCT_NAME = "$(TARGET_NAME)";
				SWIFT_COMPILATION_MODE = wholemodule;
				SWIFT_OPTIMIZATION_LEVEL = "-O";
				SWIFT_VERSION = 5.0;
			};
			name = Release;
		};
		B2888ECD7B21B137ED05AD0E /* Debug */ = {
			isa = XCBuildConfiguration;
			buildSettings = {
				ALWAYS_SEARCH_USER_PATHS = NO;
				CLANG_ANALYZER_NONNULL = YES;
				CLANG_ANALYZER_NUMBER_OBJECT_CONVERSION = YES_AGGRESSIVE;
				CLANG_CXX_LANGUAGE_STANDARD = "gnu++14";
				CLANG_CXX_LIBRARY = "libc++";
				CLANG_ENABLE_MODULES = YES;
				CLANG_ENABLE_OBJC_ARC = YES;
				CLANG_ENABLE_OBJC_WEAK = YES;
				CLANG_WARN_BLOCK_CAPTURE_AUTORELEASING = YES;
				CLANG_WARN_BOOL_CONVERSION = YES;
				CLANG_WARN_COMMA = YES;
				CLANG_WARN_CONSTANT_CONVERSION = YES;
				CLANG_WARN_DEPRECATED_OBJC_IMPLEMENTATIONS = YES;
				CLANG_WARN_DIRECT_OBJC_ISA_USAGE = YES_ERROR;
				CLANG_WARN_DOCUMENTATION_COMMENTS = YES;
				CLANG_WARN_EMPTY_BODY = YES;
				CLANG_WARN_ENUM_CONVERSION = YES;
				CLANG_WARN_INFINITE_RECURSION = YES;
				CLANG_WARN_INT_CONVERSION = YES;
				CLANG_WARN_NON_LITERAL_NULL_CONVERSION = YES;
				CLANG_WARN_OBJC_IMPLICIT_RETAIN_SELF = YES;
				CLANG_WARN_OBJC_LITERAL_CONVERSION = YES;
				CLANG_WARN_OBJC_ROOT_CLASS = YES_ERROR;
				CLANG_WARN_QUOTED_INCLUDE_IN_FRAMEWORK_HEADER = YES;
				CLANG_WARN_RANGE_LOOP_ANALYSIS = YES;
				CLANG_WARN_STRICT_PROTOTYPES = YES;
				CLANG_WARN_SUSPICIOUS_MOVE = YES;
				CLANG_WARN_UNGUARDED_AVAILABILITY = YES_AGGRESSIVE;
				CLANG_WARN_UNREACHABLE_CODE = YES;
				CLANG_WARN__DUPLICATE_METHOD_MATCH = YES;
				COPY_PHASE_STRIP = NO;
				DEBUG_INFORMATION_FORMAT = dwarf;
				ENABLE_STRICT_OBJC_MSGSEND = YES;
				ENABLE_TESTABILITY = YES;
				GCC_C_LANGUAGE_STANDARD = gnu11;
				GCC_DYNAMIC_NO_PIC = NO;
				GCC_NO_COMMON_BLOCKS = YES;
				GCC_OPTIMIZATION_LEVEL = 0;
				GCC_PREPROCESSOR_DEFINITIONS = (
					"DEBUG=1",
					"$(inherited)",
				);
				GCC_WARN_64_TO_32_BIT_CONVERSION = YES;
				GCC_WARN_ABOUT_RETURN_TYPE = YES_ERROR;
				GCC_WARN_UNDECLARED_SELECTOR = YES;
				GCC_WARN_UNINITIALIZED_AUTOS = YES_AGGRESSIVE;
				GCC_WARN_UNUSED_FUNCTION = YES;
				GCC_WARN_UNUSED_VARIABLE = YES;
				MTL_ENABLE_DEBUG_INFO = INCLUDE_SOURCE;
				MTL_FAST_MATH = YES;
				ONLY_ACTIVE_ARCH = YES;
				PRODUCT_NAME = "$(TARGET_NAME)";
				SWIFT_ACTIVE_COMPILATION_CONDITIONS = DEBUG;
				SWIFT_OPTIMIZATION_LEVEL = "-Onone";
				SWIFT_VERSION = 5.0;
			};
			name = Debug;
		};
		FCC232AA1016361028856342 /* Debug */ = {
			isa = XCBuildConfiguration;
			buildSettings = {
				ASSETCATALOG_COMPILER_APPICON_NAME = "";
				ASSETCATALOG_COMPILER_GLOBAL_ACCENT_COLOR_NAME = AccentColor;
				CLANG_CXX_LANGUAGE_STANDARD = "c++17";
				CLANG_CXX_LIBRARY = "libc++";
				CLANG_ENABLE_OBJC_WEAK = NO;
				CODE_SIGN_STYLE = Automatic;
				CURRENT_PROJECT_VERSION = 1;
				DEVELOPMENT_TEAM = "";
				GCC_OPTIMIZATION_LEVEL = 3;
				GCC_PREPROCESSOR_DEFINITIONS = (
					"$(inherited)",
					IS_64BIT,
					"USE_NEON=8",
				);
				GENERATE_INFOPLIST_FILE = YES;
				HEADER_SEARCH_PATHS = (
					"$(inherited)",
					"$(SRCROOT)/EngineBridge",
					"$(SRCROOT)/Vendor/Pikafish/src",
				);
				INFOPLIST_KEY_CFBundleDisplayName = Xiangqi;
				INFOPLIST_KEY_LSApplicationCategoryType = "public.app-category.board-games";
				INFOPLIST_KEY_UIApplicationSceneManifest_Generation = YES;
				INFOPLIST_KEY_UIApplicationSupportsIndirectInputEvents = YES;
				INFOPLIST_KEY_UILaunchScreen_Generation = YES;
				IPHONEOS_DEPLOYMENT_TARGET = 18.0;
				LD_RUNPATH_SEARCH_PATHS = "$(inherited) @executable_path/Frameworks";
				MARKETING_VERSION = 1.0;
				OTHER_LDFLAGS = (
					"$(inherited)",
					"-lsqlite3",
					"-lz",
				);
				PRODUCT_BUNDLE_IDENTIFIER = "com.frankzhu.xiangqi-mobile";
				PRODUCT_NAME = "$(TARGET_NAME)";
				SDKROOT = iphoneos;
				SWIFT_OBJC_BRIDGING_HEADER = "EngineBridge/XiangqiMobile-Bridging-Header.h";
				SWIFT_STRICT_CONCURRENCY = complete;
				SWIFT_VERSION = 5.0;
				TARGETED_DEVICE_FAMILY = "1,2";
			};
			name = Debug;
		};
/* End XCBuildConfiguration section */

/* Begin XCConfigurationList section */
		0963EE5A48B40AD404CC16FB /* Build configuration list for PBXNativeTarget "XiangqiMobile" */ = {
			isa = XCConfigurationList;
			buildConfigurations = (
				2598B5D1C7A764050977F6B7 /* Release */,
				FCC232AA1016361028856342 /* Debug */,
			);
			defaultConfigurationIsVisible = 0;
			defaultConfigurationName = Release;
		};
		102DF7A437FC633359B85782 /* Build configuration list for PBXNativeTarget "XiangqiMobileUITests" */ = {
			isa = XCConfigurationList;
			buildConfigurations = (
				41CA93C7D1F9BB1D2885F87D /* Release */,
				5F7002A158E1A9CDEEA8C740 /* Debug */,
			);
			defaultConfigurationIsVisible = 0;
			defaultConfigurationName = Release;
		};
		5D494897BB91BB5324405EE3 /* Build configuration list for PBXProject "XiangqiMobile" */ = {
			isa = XCConfigurationList;
			buildConfigurations = (
				B2888ECD7B21B137ED05AD0E /* Debug */,
				6B95C0D71141BFF7C287017C /* Release */,
			);
			defaultConfigurationIsVisible = 0;
			defaultConfigurationName = Release;
		};
/* End XCConfigurationList section */
	};
	rootObject = FB2B3888AB545A8350B8D5F5 /* Project object */;
}
