// !$*UTF8*$!
{
	archiveVersion = 1;
	classes = {
	};
	objectVersion = 46;
	objects = {

/* Begin PBXBuildFile section */
		0124925360CFF86B46308B11 /* full_threats.cpp in Sources */ = {isa = PBXBuildFile; fileRef = DE3F945F41B5EE2C3334F79A /* full_threats.cpp */; };
		01BC052D9CAAE7AC4BFDDC46 /* tt.cpp in Sources */ = {isa = PBXBuildFile; fileRef = D3622005609622909D2EFF0E /* tt.cpp */; };
		02F43B71CAB7CB8AD866C831 /* ucioption.cpp in Sources */ = {isa = PBXBuildFile; fileRef = 21FA3A5A37FE1A94C9534ACC /* ucioption.cpp */; };
		05D756CF44CC93938BCD7B98 /* Feedback.swift in Sources */ = {isa = PBXBuildFile; fileRef = EBA3BA6446D7FC7DC91CA192 /* Feedback.swift */; };
		094ACEF371E399F4A557B104 /* fse_decompress.cpp in Sources */ = {isa = PBXBuildFile; fileRef = E3B8E5E2DA2E1FB2AE1AB037 /* fse_decompress.cpp */; };
		0C6FEAE42EF97E3AD33F05B3 /* movepick.cpp in Sources */ = {isa = PBXBuildFile; fileRef = C44BF8D7441F00567F4A9805 /* movepick.cpp */; };
		10AE1F2101DC4270A3C5FB81 /* attacks.cpp in Sources */ = {isa = PBXBuildFile; fileRef = 98F52EEB07E46F303B1E8218 /* attacks.cpp */; };
		112A493804851BD2123285E0 /* SmokeTests.swift in Sources */ = {isa = PBXBuildFile; fileRef = 313EB6370147ED9DB92F34C6 /* SmokeTests.swift */; };
		11820FEE1DD708663DA3573D /* xxhash.cpp in Sources */ = {isa = PBXBuildFile; fileRef = 483F2D1E2D1A2E9816EDFC9B /* xxhash.cpp */; };
		13DEFF6E8E8F33151D6A0766 /* zstd_common.cpp in Sources */ = {isa = PBXBuildFile; fileRef = FEB8F8BA815077B4A9888A35 /* zstd_common.cpp */; };
		140F9FEE75B2ADA5CD6416AC /* position.cpp in Sources */ = {isa = PBXBuildFile; fileRef = 8DB346CEC8ADC06AFD5D8E02 /* position.cpp */; };
		15F04D20EA8E723F1CDFCB6B /* SettingsView.swift in Sources */ = {isa = PBXBuildFile; fileRef = 3525FC232238E83B5F9F9CBB /* SettingsView.swift */; };
		181E2FEACB1C7B0A451A6448 /* Position.swift in Sources */ = {isa = PBXBuildFile; fileRef = F869134758A19772CE6696D9 /* Position.swift */; };
		199C6A8C29DC1BE11C5E5A75 /* half_ka_v2_hm.cpp in Sources */ = {isa = PBXBuildFile; fileRef = 1CD5A3A8B91E65B3435903B3 /* half_ka_v2_hm.cpp */; };
		1C68110BEB6A585DC8006D60 /* HomeView.swift in Sources */ = {isa = PBXBuildFile; fileRef = 68F2F46A09DCB80ED17A7D1A /* HomeView.swift */; };
		1DD539D460D3B82A9C4BC9E4 /* misc.cpp in Sources */ = {isa = PBXBuildFile; fileRef = DF9124D75DCADFA8CD023F94 /* misc.cpp */; };
		1F6BC4663681368F5033A709 /* timeman.cpp in Sources */ = {isa = PBXBuildFile; fileRef = F4563F315BC0993913378A0D /* timeman.cpp */; };
		2156EC2229C5FAB20DCBA8EC /* benchmark.cpp in Sources */ = {isa = PBXBuildFile; fileRef = 07EDE15C4FBD4EEB8A13DD85 /* benchmark.cpp */; };
		21F744306E075A94227E99CA /* search.cpp in Sources */ = {isa = PBXBuildFile; fileRef = 5B82E824D5ED30CD85866BB3 /* search.cpp */; };
		2A7E939D84256A869628C7AF /* SoundSynthesis.swift in Sources */ = {isa = PBXBuildFile; fileRef = 437B712876762911D06A5A91 /* SoundSynthesis.swift */; };
		2C73F039A2CDAC3E9BF23CEC /* GameRepository.swift in Sources */ = {isa = PBXBuildFile; fileRef = 4F73229A7A44EB5D0539C5F6 /* GameRepository.swift */; };
		2D63F78BE60FC2FF93FDB0D2 /* Pikafish-GPL-3.0.txt in Resources */ = {isa = PBXBuildFile; fileRef = 3F1EB23EF4BB05A611C73847 /* Pikafish-GPL-3.0.txt */; };
		32363649776F506286E42AEA /* ResultView.swift in Sources */ = {isa = PBXBuildFile; fileRef = 0DFBA8D191FFBCA0C55C20FB /* ResultView.swift */; };
		346F5396DE770366D8BC4D16 /* evaluate.cpp in Sources */ = {isa = PBXBuildFile; fileRef = 1A043842592319F4A44A8712 /* evaluate.cpp */; };
		364CA0A9380970B2285C425F /* ccpd-quarantine.jsonl in Resources */ = {isa = PBXBuildFile; fileRef = C68992E7470914B292D32854 /* ccpd-quarantine.jsonl */; };
		38CDD19F6A404AEC5C15BAB3 /* PikafishComputerClient.swift in Sources */ = {isa = PBXBuildFile; fileRef = 02DF67FBE645BADF3DC3901A /* PikafishComputerClient.swift */; };
		3B5132032025FCF498EF7ECF /* entropy_common.cpp in Sources */ = {isa = PBXBuildFile; fileRef = 50F7A9D859C82DDB9BDFC707 /* entropy_common.cpp */; };
		3BFE78FBD7DB81E2A3FF22C3 /* LocalizedKey.swift in Sources */ = {isa = PBXBuildFile; fileRef = DB2D6A4F252AA742789C70C1 /* LocalizedKey.swift */; };
		42B30F73BE224FC5EDBB72AE /* zstd_decompress_block.cpp in Sources */ = {isa = PBXBuildFile; fileRef = 06C034E86915D11C51A00AF8 /* zstd_decompress_block.cpp */; };
		43DE7E419F0BF96AF6F3970B /* Localization+SwiftUI.swift in Sources */ = {isa = PBXBuildFile; fileRef = 0871A33032B9EAF96A569124 /* Localization+SwiftUI.swift */; };
		49E3F0AF0AC0EF8D71DBA5A8 /* MoveHistoryView.swift in Sources */ = {isa = PBXBuildFile; fileRef = E8B03F04A3DD83E7FA8085CD /* MoveHistoryView.swift */; };
		4DAA33D1F7745E37BC7C732C /* AppLanguage.swift in Sources */ = {isa = PBXBuildFile; fileRef = B112111AFA5B1D323E1E8AE1 /* AppLanguage.swift */; };
		4FAB55FDE2E0169CDA6CC434 /* ccpd.sqlite3 in Resources */ = {isa = PBXBuildFile; fileRef = 7CBDC6093913F640E73E57CE /* ccpd.sqlite3 */; };
		539A942D01F1A34648A420E4 /* engine.cpp in Sources */ = {isa = PBXBuildFile; fileRef = 3ECA902DCAC810D9261463A8 /* engine.cpp */; };
		57642158838DE666EFDD4AC8 /* debug.cpp in Sources */ = {isa = PBXBuildFile; fileRef = BD09D1AB54E44FCFDF0942BC /* debug.cpp */; };
		5B537C10ED38BBD0D1B2F5EC /* Assets.xcassets in Resources */ = {isa = PBXBuildFile; fileRef = D35EAD2D391210C21003FEE1 /* Assets.xcassets */; };
		5F6E4903757563BF0823D145 /* pool.cpp in Sources */ = {isa = PBXBuildFile; fileRef = 7865737031C7AFBBC2E16FBB /* pool.cpp */; };
		623CB22647749B276906F723 /* Rules.swift in Sources */ = {isa = PBXBuildFile; fileRef = 2B9FC5C8BDE276EE11E7C9DC /* Rules.swift */; };
		65AE280DC1A890FBE0853D21 /* thread.cpp in Sources */ = {isa = PBXBuildFile; fileRef = 280AF3FF7B731FBC3905B65A /* thread.cpp */; };
		69378020CFC1A772D0250743 /* Foundation.framework in Frameworks */ = {isa = PBXBuildFile; fileRef = F937290785EEA3D6E2432900 /* Foundation.framework */; };
		6CF53BC1C5D20CE2B6E27959 /* GameSession.swift in Sources */ = {isa = PBXBuildFile; fileRef = E04ED1E8B34EA132E818233A /* GameSession.swift */; };
		6D75F4EFE5DEB85BDE98DE6C /* movegen.cpp in Sources */ = {isa = PBXBuildFile; fileRef = 73A103B4C5C99422B480310B /* movegen.cpp */; };
		701DB96021A4E1B9ADCBF676 /* tune.cpp in Sources */ = {isa = PBXBuildFile; fileRef = 67A59D985CB9E4C7C2F45890 /* tune.cpp */; };
		7440050B22426B2E47BFC944 /* bitboard.cpp in Sources */ = {isa = PBXBuildFile; fileRef = B5C2F3301AEADDD6E41A5B57 /* bitboard.cpp */; };
		74E5444DA00942833D93F32F /* XiangqiMobileApp.swift in Sources */ = {isa = PBXBuildFile; fileRef = 6B48E863B51F131393B07D97 /* XiangqiMobileApp.swift */; };
		76E3667242F3DB2BDAE5A313 /* Foundation.framework in Frameworks */ = {isa = PBXBuildFile; fileRef = F937290785EEA3D6E2432900 /* Foundation.framework */; };
		7D8521AE8F6916237374CD93 /* CCPD-CC-BY-4.0.txt in Resources */ = {isa = PBXBuildFile; fileRef = 96E064FC9FEE0C997BFB75EA /* CCPD-CC-BY-4.0.txt */; };
		808239220F9B302BED8DC1FB /* uci.cpp in Sources */ = {isa = PBXBuildFile; fileRef = 89489C9BF4C7C4B761F0F224 /* uci.cpp */; };
		84FD797E54F185814684D66C /* nnue_accumulator.cpp in Sources */ = {isa = PBXBuildFile; fileRef = E0BEB1205274D3033FCEFA46 /* nnue_accumulator.cpp */; };
		856F200B65AF2FE246F6EEE4 /* zstd_decompress.cpp in Sources */ = {isa = PBXBuildFile; fileRef = 0EEA389ADBC3AFCD34164961 /* zstd_decompress.cpp */; };
		8AEEF40B2056D89EC05181F7 /* nnue_misc.cpp in Sources */ = {isa = PBXBuildFile; fileRef = 8E58D08E41D992C9C167AE45 /* nnue_misc.cpp */; };
		8E7252A6F6B91CE41982C782 /* Localizable.xcstrings in Resources */ = {isa = PBXBuildFile; fileRef = 05A774ABD96FEAEF469BF319 /* Localizable.xcstrings */; };
		8F7129824360E8AEF98CC8BF /* error_private.cpp in Sources */ = {isa = PBXBuildFile; fileRef = 59DC5AA650E9FE0A58D2FD0C /* error_private.cpp */; };
		93B32ECA28BE574C94739D2D /* Notation.swift in Sources */ = {isa = PBXBuildFile; fileRef = 7716BF8F2B013477F9B100C6 /* Notation.swift */; };
		9401496C41C49BA93D2B486F /* pikafish.nnue in Resources */ = {isa = PBXBuildFile; fileRef = AA0DBAD0E7AF64E0980EA1B1 /* pikafish.nnue */; };
		94AA51E88560B0008621D066 /* XiangqiPGN.swift in Sources */ = {isa = PBXBuildFile; fileRef = DFF950F2FEB6A80A1063644E /* XiangqiPGN.swift */; };
		9ABEB255FF6CC4DB9DDF029C /* zstd_ddict.cpp in Sources */ = {isa = PBXBuildFile; fileRef = B6406CF1FEFE8021A95A22E9 /* zstd_ddict.cpp */; };
		9F99B2E782D4D074B35A9DD5 /* memory.cpp in Sources */ = {isa = PBXBuildFile; fileRef = E3D0F419F7D70D3FDDCB3D48 /* memory.cpp */; };
		A03A8E190C16CF2ABB002005 /* Domain+Localized.swift in Sources */ = {isa = PBXBuildFile; fileRef = 389530D2F965A9430F838594 /* Domain+Localized.swift */; };
		A1263DA7D9308DDAE8B4B10F /* GameMenuView.swift in Sources */ = {isa = PBXBuildFile; fileRef = 576FC24A93B8EECDEA9C1EAE /* GameMenuView.swift */; };
		AB94D634B09F54958F76EDE6 /* Strings+Generated.swift in Sources */ = {isa = PBXBuildFile; fileRef = EC720F8E82FCF2E984F0DC92 /* Strings+Generated.swift */; };
		ABE79CE7E4C74EF8C946A3ED /* network.cpp in Sources */ = {isa = PBXBuildFile; fileRef = FE391C75D3FF9F1C9B0343CB /* network.cpp */; };
		AD673CF205137A3F0E67351A /* CCPDPuzzle.swift in Sources */ = {isa = PBXBuildFile; fileRef = 309BDF9885CA7594986DA900 /* CCPDPuzzle.swift */; };
		B5CC37A951A36DF860470A8E /* CCPDLibrary.swift in Sources */ = {isa = PBXBuildFile; fileRef = 614EDB84246898C8E3F48CC3 /* CCPDLibrary.swift */; };
		B5F853CEDA1CA495AF115298 /* RootView.swift in Sources */ = {isa = PBXBuildFile; fileRef = 5004258729D7114143A60CDE /* RootView.swift */; };
		B8BFAC033978313A28A0A022 /* ThemeRegistry.swift in Sources */ = {isa = PBXBuildFile; fileRef = 1FF842941850D62C62ABA1B1 /* ThemeRegistry.swift */; };
		BC274946E8374F1FEA77AC3E /* NewGameView.swift in Sources */ = {isa = PBXBuildFile; fileRef = D4647DE74DF73A20FA89E132 /* NewGameView.swift */; };
		BE3E838E3EE9551C5170F885 /* score.cpp in Sources */ = {isa = PBXBuildFile; fileRef = 2CAAF053793DE5499F19635B /* score.cpp */; };
		C00BDEE75C255B42D7F4293E /* LearningProgress.swift in Sources */ = {isa = PBXBuildFile; fileRef = 3F7E72D41CCD1B7489EEF46A /* LearningProgress.swift */; };
		CA5DABD1519E7F0CCBBB49B7 /* ComputerPlayer.swift in Sources */ = {isa = PBXBuildFile; fileRef = 40DDAC23DCC453B19CD80315 /* ComputerPlayer.swift */; };
		CACA32B88D7EDB0D303BDD0F /* CCPD-source.json in Resources */ = {isa = PBXBuildFile; fileRef = 2C5549F10C60D054916F30A1 /* CCPD-source.json */; };
		CE8A4343643122FFA664A5F3 /* Theme.swift in Sources */ = {isa = PBXBuildFile; fileRef = AC7A8A8E8162EE92E9A4D797 /* Theme.swift */; };
		D05DD8531BA39466AAE9D492 /* huf_decompress.cpp in Sources */ = {isa = PBXBuildFile; fileRef = BBDA4548E54D070AD05E7A92 /* huf_decompress.cpp */; };
		D2634659A203809734CFF936 /* threading.cpp in Sources */ = {isa = PBXBuildFile; fileRef = DD065301A85151CFD054FC91 /* threading.cpp */; };
		DA2C19A11D5619F8BCA92660 /* AppModel.swift in Sources */ = {isa = PBXBuildFile; fileRef = B3D74E06C5C77F36A8012E9F /* AppModel.swift */; };
		DBD9B325CBD6576EBBD7B1DE /* PikafishBridge.cpp in Sources */ = {isa = PBXBuildFile; fileRef = 1DE3BB728010EA18791ADE04 /* PikafishBridge.cpp */; };
		E0F651F26EDEDCDD65FBD914 /* Domain.swift in Sources */ = {isa = PBXBuildFile; fileRef = 43EBF8B5B166E71A14EF76FB /* Domain.swift */; };
		E405FBB4D9343EEEE8E82BB2 /* ThemePicker.swift in Sources */ = {isa = PBXBuildFile; fileRef = 17502982577DD2B5ECD50975 /* ThemePicker.swift */; };
		EAA2436A486D1193BB5ABEBF /* LearningViews.swift in Sources */ = {isa = PBXBuildFile; fileRef = 8D9BCFE219D7C2BFFF476A06 /* LearningViews.swift */; };
		EE53563624B82BFB2C62C805 /* Theme+SwiftUI.swift in Sources */ = {isa = PBXBuildFile; fileRef = 92A52A1F341D1F2572EADF13 /* Theme+SwiftUI.swift */; };
		F0E3F79BC16788C56C97F684 /* Pikafish-AUTHORS.txt in Resources */ = {isa = PBXBuildFile; fileRef = 0D679234575F752E0DE2495D /* Pikafish-AUTHORS.txt */; };
		F13D36DE4265891BFC3F5558 /* ccpd-audit.json in Resources */ = {isa = PBXBuildFile; fileRef = D888CFC2165F89A484024E13 /* ccpd-audit.json */; };
		F1630BE83D59E8931FBEE1FE /* BoardView.swift in Sources */ = {isa = PBXBuildFile; fileRef = D64F357A4F31E172CDBCE1F5 /* BoardView.swift */; };
		F18D96A34616E3F79BE9C110 /* Localizer.swift in Sources */ = {isa = PBXBuildFile; fileRef = BEC5AF81C4B80E17E88D6473 /* Localizer.swift */; };
		F255F2023CAF7794392DFF15 /* GameView.swift in Sources */ = {isa = PBXBuildFile; fileRef = 421E5E5CA07D0795093FC2BE /* GameView.swift */; };
		F830F9CA7982EA9D17B68CE8 /* Preferences.swift in Sources */ = {isa = PBXBuildFile; fileRef = 65C0266B3BC8AEE415890D8D /* Preferences.swift */; };
/* End PBXBuildFile section */

/* Begin PBXContainerItemProxy section */
		734305299BDF26F4384B8303 /* PBXContainerItemProxy */ = {
			isa = PBXContainerItemProxy;
			containerPortal = C33A4E08575A522929C6C99A /* Project object */;
			proxyType = 1;
			remoteGlobalIDString = 86B8A28F0842226EB5F2159F;
			remoteInfo = XiangqiMobile;
		};
/* End PBXContainerItemProxy section */

/* Begin PBXFileReference section */
		02DF67FBE645BADF3DC3901A /* PikafishComputerClient.swift */ = {isa = PBXFileReference; includeInIndex = 1; lastKnownFileType = sourcecode.swift; path = PikafishComputerClient.swift; sourceTree = "<group>"; };
		05A774ABD96FEAEF469BF319 /* Localizable.xcstrings */ = {isa = PBXFileReference; includeInIndex = 1; path = Localizable.xcstrings; sourceTree = "<group>"; };
		06C034E86915D11C51A00AF8 /* zstd_decompress_block.cpp */ = {isa = PBXFileReference; includeInIndex = 1; lastKnownFileType = sourcecode.cpp.cpp; path = zstd_decompress_block.cpp; sourceTree = "<group>"; };
		07E1CF2C23715D9C7151CC89 /* PikafishBridge.h */ = {isa = PBXFileReference; includeInIndex = 1; lastKnownFileType = sourcecode.c.h; path = PikafishBridge.h; sourceTree = "<group>"; };
		07EDE15C4FBD4EEB8A13DD85 /* benchmark.cpp */ = {isa = PBXFileReference; includeInIndex = 1; lastKnownFileType = sourcecode.cpp.cpp; path = benchmark.cpp; sourceTree = "<group>"; };
		0871A33032B9EAF96A569124 /* Localization+SwiftUI.swift */ = {isa = PBXFileReference; includeInIndex = 1; lastKnownFileType = sourcecode.swift; path = "Localization+SwiftUI.swift"; sourceTree = "<group>"; };
		0D679234575F752E0DE2495D /* Pikafish-AUTHORS.txt */ = {isa = PBXFileReference; includeInIndex = 1; path = "Pikafish-AUTHORS.txt"; sourceTree = "<group>"; };
		0DFBA8D191FFBCA0C55C20FB /* ResultView.swift */ = {isa = PBXFileReference; includeInIndex = 1; lastKnownFileType = sourcecode.swift; path = ResultView.swift; sourceTree = "<group>"; };
		0EEA389ADBC3AFCD34164961 /* zstd_decompress.cpp */ = {isa = PBXFileReference; includeInIndex = 1; lastKnownFileType = sourcecode.cpp.cpp; path = zstd_decompress.cpp; sourceTree = "<group>"; };
		17502982577DD2B5ECD50975 /* ThemePicker.swift */ = {isa = PBXFileReference; includeInIndex = 1; lastKnownFileType = sourcecode.swift; path = ThemePicker.swift; sourceTree = "<group>"; };
		1A043842592319F4A44A8712 /* evaluate.cpp */ = {isa = PBXFileReference; includeInIndex = 1; lastKnownFileType = sourcecode.cpp.cpp; path = evaluate.cpp; sourceTree = "<group>"; };
		1CD5A3A8B91E65B3435903B3 /* half_ka_v2_hm.cpp */ = {isa = PBXFileReference; includeInIndex = 1; lastKnownFileType = sourcecode.cpp.cpp; path = half_ka_v2_hm.cpp; sourceTree = "<group>"; };
		1DE3BB728010EA18791ADE04 /* PikafishBridge.cpp */ = {isa = PBXFileReference; includeInIndex = 1; lastKnownFileType = sourcecode.cpp.cpp; path = PikafishBridge.cpp; sourceTree = "<group>"; };
		1E28F988702F1532F9EFC793 /* XiangqiMobileUITests.xctest */ = {isa = PBXFileReference; explicitFileType = wrapper.cfbundle; includeInIndex = 0; path = XiangqiMobileUITests.xctest; sourceTree = BUILT_PRODUCTS_DIR; };
		1FF842941850D62C62ABA1B1 /* ThemeRegistry.swift */ = {isa = PBXFileReference; includeInIndex = 1; lastKnownFileType = sourcecode.swift; path = ThemeRegistry.swift; sourceTree = "<group>"; };
		21FA3A5A37FE1A94C9534ACC /* ucioption.cpp */ = {isa = PBXFileReference; includeInIndex = 1; lastKnownFileType = sourcecode.cpp.cpp; path = ucioption.cpp; sourceTree = "<group>"; };
		280AF3FF7B731FBC3905B65A /* thread.cpp */ = {isa = PBXFileReference; includeInIndex = 1; lastKnownFileType = sourcecode.cpp.cpp; path = thread.cpp; sourceTree = "<group>"; };
		2B9FC5C8BDE276EE11E7C9DC /* Rules.swift */ = {isa = PBXFileReference; includeInIndex = 1; lastKnownFileType = sourcecode.swift; path = Rules.swift; sourceTree = "<group>"; };
		2C5549F10C60D054916F30A1 /* CCPD-source.json */ = {isa = PBXFileReference; includeInIndex = 1; path = "CCPD-source.json"; sourceTree = "<group>"; };
		2CAAF053793DE5499F19635B /* score.cpp */ = {isa = PBXFileReference; includeInIndex = 1; lastKnownFileType = sourcecode.cpp.cpp; path = score.cpp; sourceTree = "<group>"; };
		309BDF9885CA7594986DA900 /* CCPDPuzzle.swift */ = {isa = PBXFileReference; includeInIndex = 1; lastKnownFileType = sourcecode.swift; path = CCPDPuzzle.swift; sourceTree = "<group>"; };
		313EB6370147ED9DB92F34C6 /* SmokeTests.swift */ = {isa = PBXFileReference; includeInIndex = 1; lastKnownFileType = sourcecode.swift; path = SmokeTests.swift; sourceTree = "<group>"; };
		3525FC232238E83B5F9F9CBB /* SettingsView.swift */ = {isa = PBXFileReference; includeInIndex = 1; lastKnownFileType = sourcecode.swift; path = SettingsView.swift; sourceTree = "<group>"; };
		389530D2F965A9430F838594 /* Domain+Localized.swift */ = {isa = PBXFileReference; includeInIndex = 1; lastKnownFileType = sourcecode.swift; path = "Domain+Localized.swift"; sourceTree = "<group>"; };
		3ECA902DCAC810D9261463A8 /* engine.cpp */ = {isa = PBXFileReference; includeInIndex = 1; lastKnownFileType = sourcecode.cpp.cpp; path = engine.cpp; sourceTree = "<group>"; };
		3F1EB23EF4BB05A611C73847 /* Pikafish-GPL-3.0.txt */ = {isa = PBXFileReference; includeInIndex = 1; path = "Pikafish-GPL-3.0.txt"; sourceTree = "<group>"; };
		3F7E72D41CCD1B7489EEF46A /* LearningProgress.swift */ = {isa = PBXFileReference; includeInIndex = 1; lastKnownFileType = sourcecode.swift; path = LearningProgress.swift; sourceTree = "<group>"; };
		40DDAC23DCC453B19CD80315 /* ComputerPlayer.swift */ = {isa = PBXFileReference; includeInIndex = 1; lastKnownFileType = sourcecode.swift; path = ComputerPlayer.swift; sourceTree = "<group>"; };
		421E5E5CA07D0795093FC2BE /* GameView.swift */ = {isa = PBXFileReference; includeInIndex = 1; lastKnownFileType = sourcecode.swift; path = GameView.swift; sourceTree = "<group>"; };
		437B712876762911D06A5A91 /* SoundSynthesis.swift */ = {isa = PBXFileReference; includeInIndex = 1; lastKnownFileType = sourcecode.swift; path = SoundSynthesis.swift; sourceTree = "<group>"; };
		43EBF8B5B166E71A14EF76FB /* Domain.swift */ = {isa = PBXFileReference; includeInIndex = 1; lastKnownFileType = sourcecode.swift; path = Domain.swift; sourceTree = "<group>"; };
		4419557B533415854B9CA270 /* XiangqiMobile-Bridging-Header.h */ = {isa = PBXFileReference; includeInIndex = 1; lastKnownFileType = sourcecode.c.h; path = "XiangqiMobile-Bridging-Header.h"; sourceTree = "<group>"; };
		483F2D1E2D1A2E9816EDFC9B /* xxhash.cpp */ = {isa = PBXFileReference; includeInIndex = 1; lastKnownFileType = sourcecode.cpp.cpp; path = xxhash.cpp; sourceTree = "<group>"; };
		4F73229A7A44EB5D0539C5F6 /* GameRepository.swift */ = {isa = PBXFileReference; includeInIndex = 1; lastKnownFileType = sourcecode.swift; path = GameRepository.swift; sourceTree = "<group>"; };
		5004258729D7114143A60CDE /* RootView.swift */ = {isa = PBXFileReference; includeInIndex = 1; lastKnownFileType = sourcecode.swift; path = RootView.swift; sourceTree = "<group>"; };
		50F7A9D859C82DDB9BDFC707 /* entropy_common.cpp */ = {isa = PBXFileReference; includeInIndex = 1; lastKnownFileType = sourcecode.cpp.cpp; path = entropy_common.cpp; sourceTree = "<group>"; };
		576FC24A93B8EECDEA9C1EAE /* GameMenuView.swift */ = {isa = PBXFileReference; includeInIndex = 1; lastKnownFileType = sourcecode.swift; path = GameMenuView.swift; sourceTree = "<group>"; };
		59DC5AA650E9FE0A58D2FD0C /* error_private.cpp */ = {isa = PBXFileReference; includeInIndex = 1; lastKnownFileType = sourcecode.cpp.cpp; path = error_private.cpp; sourceTree = "<group>"; };
		5B82E824D5ED30CD85866BB3 /* search.cpp */ = {isa = PBXFileReference; includeInIndex = 1; lastKnownFileType = sourcecode.cpp.cpp; path = search.cpp; sourceTree = "<group>"; };
		614EDB84246898C8E3F48CC3 /* CCPDLibrary.swift */ = {isa = PBXFileReference; includeInIndex = 1; lastKnownFileType = sourcecode.swift; path = CCPDLibrary.swift; sourceTree = "<group>"; };
		65C0266B3BC8AEE415890D8D /* Preferences.swift */ = {isa = PBXFileReference; includeInIndex = 1; lastKnownFileType = sourcecode.swift; path = Preferences.swift; sourceTree = "<group>"; };
		67A59D985CB9E4C7C2F45890 /* tune.cpp */ = {isa = PBXFileReference; includeInIndex = 1; lastKnownFileType = sourcecode.cpp.cpp; path = tune.cpp; sourceTree = "<group>"; };
		68F2F46A09DCB80ED17A7D1A /* HomeView.swift */ = {isa = PBXFileReference; includeInIndex = 1; lastKnownFileType = sourcecode.swift; path = HomeView.swift; sourceTree = "<group>"; };
		6B48E863B51F131393B07D97 /* XiangqiMobileApp.swift */ = {isa = PBXFileReference; includeInIndex = 1; lastKnownFileType = sourcecode.swift; path = XiangqiMobileApp.swift; sourceTree = "<group>"; };
		713EC1787379433FA999F571 /* XiangqiMobile.app */ = {isa = PBXFileReference; explicitFileType = wrapper.application; includeInIndex = 0; path = XiangqiMobile.app; sourceTree = BUILT_PRODUCTS_DIR; };
		73A103B4C5C99422B480310B /* movegen.cpp */ = {isa = PBXFileReference; includeInIndex = 1; lastKnownFileType = sourcecode.cpp.cpp; path = movegen.cpp; sourceTree = "<group>"; };
		7716BF8F2B013477F9B100C6 /* Notation.swift */ = {isa = PBXFileReference; includeInIndex = 1; lastKnownFileType = sourcecode.swift; path = Notation.swift; sourceTree = "<group>"; };
		7865737031C7AFBBC2E16FBB /* pool.cpp */ = {isa = PBXFileReference; includeInIndex = 1; lastKnownFileType = sourcecode.cpp.cpp; path = pool.cpp; sourceTree = "<group>"; };
		7CBDC6093913F640E73E57CE /* ccpd.sqlite3 */ = {isa = PBXFileReference; includeInIndex = 1; path = ccpd.sqlite3; sourceTree = "<group>"; };
		89489C9BF4C7C4B761F0F224 /* uci.cpp */ = {isa = PBXFileReference; includeInIndex = 1; lastKnownFileType = sourcecode.cpp.cpp; path = uci.cpp; sourceTree = "<group>"; };
		8D9BCFE219D7C2BFFF476A06 /* LearningViews.swift */ = {isa = PBXFileReference; includeInIndex = 1; lastKnownFileType = sourcecode.swift; path = LearningViews.swift; sourceTree = "<group>"; };
		8DB346CEC8ADC06AFD5D8E02 /* position.cpp */ = {isa = PBXFileReference; includeInIndex = 1; lastKnownFileType = sourcecode.cpp.cpp; path = position.cpp; sourceTree = "<group>"; };
		8E58D08E41D992C9C167AE45 /* nnue_misc.cpp */ = {isa = PBXFileReference; includeInIndex = 1; lastKnownFileType = sourcecode.cpp.cpp; path = nnue_misc.cpp; sourceTree = "<group>"; };
		92A52A1F341D1F2572EADF13 /* Theme+SwiftUI.swift */ = {isa = PBXFileReference; includeInIndex = 1; lastKnownFileType = sourcecode.swift; path = "Theme+SwiftUI.swift"; sourceTree = "<group>"; };
		96E064FC9FEE0C997BFB75EA /* CCPD-CC-BY-4.0.txt */ = {isa = PBXFileReference; includeInIndex = 1; path = "CCPD-CC-BY-4.0.txt"; sourceTree = "<group>"; };
		98F52EEB07E46F303B1E8218 /* attacks.cpp */ = {isa = PBXFileReference; includeInIndex = 1; lastKnownFileType = sourcecode.cpp.cpp; path = attacks.cpp; sourceTree = "<group>"; };
		AA0DBAD0E7AF64E0980EA1B1 /* pikafish.nnue */ = {isa = PBXFileReference; includeInIndex = 1; path = pikafish.nnue; sourceTree = "<group>"; };
		AC7A8A8E8162EE92E9A4D797 /* Theme.swift */ = {isa = PBXFileReference; includeInIndex = 1; lastKnownFileType = sourcecode.swift; path = Theme.swift; sourceTree = "<group>"; };
		B112111AFA5B1D323E1E8AE1 /* AppLanguage.swift */ = {isa = PBXFileReference; includeInIndex = 1; lastKnownFileType = sourcecode.swift; path = AppLanguage.swift; sourceTree = "<group>"; };
		B3D74E06C5C77F36A8012E9F /* AppModel.swift */ = {isa = PBXFileReference; includeInIndex = 1; lastKnownFileType = sourcecode.swift; path = AppModel.swift; sourceTree = "<group>"; };
		B5C2F3301AEADDD6E41A5B57 /* bitboard.cpp */ = {isa = PBXFileReference; includeInIndex = 1; lastKnownFileType = sourcecode.cpp.cpp; path = bitboard.cpp; sourceTree = "<group>"; };
		B6406CF1FEFE8021A95A22E9 /* zstd_ddict.cpp */ = {isa = PBXFileReference; includeInIndex = 1; lastKnownFileType = sourcecode.cpp.cpp; path = zstd_ddict.cpp; sourceTree = "<group>"; };
		BBDA4548E54D070AD05E7A92 /* huf_decompress.cpp */ = {isa = PBXFileReference; includeInIndex = 1; lastKnownFileType = sourcecode.cpp.cpp; path = huf_decompress.cpp; sourceTree = "<group>"; };
		BD09D1AB54E44FCFDF0942BC /* debug.cpp */ = {isa = PBXFileReference; includeInIndex = 1; lastKnownFileType = sourcecode.cpp.cpp; path = debug.cpp; sourceTree = "<group>"; };
		BEC5AF81C4B80E17E88D6473 /* Localizer.swift */ = {isa = PBXFileReference; includeInIndex = 1; lastKnownFileType = sourcecode.swift; path = Localizer.swift; sourceTree = "<group>"; };
		C44BF8D7441F00567F4A9805 /* movepick.cpp */ = {isa = PBXFileReference; includeInIndex = 1; lastKnownFileType = sourcecode.cpp.cpp; path = movepick.cpp; sourceTree = "<group>"; };
		C68992E7470914B292D32854 /* ccpd-quarantine.jsonl */ = {isa = PBXFileReference; includeInIndex = 1; path = "ccpd-quarantine.jsonl"; sourceTree = "<group>"; };
		D35EAD2D391210C21003FEE1 /* Assets.xcassets */ = {isa = PBXFileReference; includeInIndex = 1; lastKnownFileType = folder.assetcatalog; path = Assets.xcassets; sourceTree = "<group>"; };
		D3622005609622909D2EFF0E /* tt.cpp */ = {isa = PBXFileReference; includeInIndex = 1; lastKnownFileType = sourcecode.cpp.cpp; path = tt.cpp; sourceTree = "<group>"; };
		D4647DE74DF73A20FA89E132 /* NewGameView.swift */ = {isa = PBXFileReference; includeInIndex = 1; lastKnownFileType = sourcecode.swift; path = NewGameView.swift; sourceTree = "<group>"; };
		D64F357A4F31E172CDBCE1F5 /* BoardView.swift */ = {isa = PBXFileReference; includeInIndex = 1; lastKnownFileType = sourcecode.swift; path = BoardView.swift; sourceTree = "<group>"; };
		D888CFC2165F89A484024E13 /* ccpd-audit.json */ = {isa = PBXFileReference; includeInIndex = 1; path = "ccpd-audit.json"; sourceTree = "<group>"; };
		DB2D6A4F252AA742789C70C1 /* LocalizedKey.swift */ = {isa = PBXFileReference; includeInIndex = 1; lastKnownFileType = sourcecode.swift; path = LocalizedKey.swift; sourceTree = "<group>"; };
		DD065301A85151CFD054FC91 /* threading.cpp */ = {isa = PBXFileReference; includeInIndex = 1; lastKnownFileType = sourcecode.cpp.cpp; path = threading.cpp; sourceTree = "<group>"; };
		DE3F945F41B5EE2C3334F79A /* full_threats.cpp */ = {isa = PBXFileReference; includeInIndex = 1; lastKnownFileType = sourcecode.cpp.cpp; path = full_threats.cpp; sourceTree = "<group>"; };
		DF9124D75DCADFA8CD023F94 /* misc.cpp */ = {isa = PBXFileReference; includeInIndex = 1; lastKnownFileType = sourcecode.cpp.cpp; path = misc.cpp; sourceTree = "<group>"; };
		DFF950F2FEB6A80A1063644E /* XiangqiPGN.swift */ = {isa = PBXFileReference; includeInIndex = 1; lastKnownFileType = sourcecode.swift; path = XiangqiPGN.swift; sourceTree = "<group>"; };
		E04ED1E8B34EA132E818233A /* GameSession.swift */ = {isa = PBXFileReference; includeInIndex = 1; lastKnownFileType = sourcecode.swift; path = GameSession.swift; sourceTree = "<group>"; };
		E0BEB1205274D3033FCEFA46 /* nnue_accumulator.cpp */ = {isa = PBXFileReference; includeInIndex = 1; lastKnownFileType = sourcecode.cpp.cpp; path = nnue_accumulator.cpp; sourceTree = "<group>"; };
		E3B8E5E2DA2E1FB2AE1AB037 /* fse_decompress.cpp */ = {isa = PBXFileReference; includeInIndex = 1; lastKnownFileType = sourcecode.cpp.cpp; path = fse_decompress.cpp; sourceTree = "<group>"; };
		E3D0F419F7D70D3FDDCB3D48 /* memory.cpp */ = {isa = PBXFileReference; includeInIndex = 1; lastKnownFileType = sourcecode.cpp.cpp; path = memory.cpp; sourceTree = "<group>"; };
		E8B03F04A3DD83E7FA8085CD /* MoveHistoryView.swift */ = {isa = PBXFileReference; includeInIndex = 1; lastKnownFileType = sourcecode.swift; path = MoveHistoryView.swift; sourceTree = "<group>"; };
		EBA3BA6446D7FC7DC91CA192 /* Feedback.swift */ = {isa = PBXFileReference; includeInIndex = 1; lastKnownFileType = sourcecode.swift; path = Feedback.swift; sourceTree = "<group>"; };
		EC720F8E82FCF2E984F0DC92 /* Strings+Generated.swift */ = {isa = PBXFileReference; includeInIndex = 1; lastKnownFileType = sourcecode.swift; path = "Strings+Generated.swift"; sourceTree = "<group>"; };
		F4563F315BC0993913378A0D /* timeman.cpp */ = {isa = PBXFileReference; includeInIndex = 1; lastKnownFileType = sourcecode.cpp.cpp; path = timeman.cpp; sourceTree = "<group>"; };
		F869134758A19772CE6696D9 /* Position.swift */ = {isa = PBXFileReference; includeInIndex = 1; lastKnownFileType = sourcecode.swift; path = Position.swift; sourceTree = "<group>"; };
		F937290785EEA3D6E2432900 /* Foundation.framework */ = {isa = PBXFileReference; lastKnownFileType = wrapper.framework; name = Foundation.framework; path = Platforms/iPhoneOS.platform/Developer/SDKs/iPhoneOS26.0.sdk/System/Library/Frameworks/Foundation.framework; sourceTree = DEVELOPER_DIR; };
		FE391C75D3FF9F1C9B0343CB /* network.cpp */ = {isa = PBXFileReference; includeInIndex = 1; lastKnownFileType = sourcecode.cpp.cpp; path = network.cpp; sourceTree = "<group>"; };
		FEB8F8BA815077B4A9888A35 /* zstd_common.cpp */ = {isa = PBXFileReference; includeInIndex = 1; lastKnownFileType = sourcecode.cpp.cpp; path = zstd_common.cpp; sourceTree = "<group>"; };
/* End PBXFileReference section */

/* Begin PBXFrameworksBuildPhase section */
		07B6ECA976EC7498202BF1BC /* Frameworks */ = {
			isa = PBXFrameworksBuildPhase;
			buildActionMask = 2147483647;
			files = (
				69378020CFC1A772D0250743 /* Foundation.framework in Frameworks */,
			);
			runOnlyForDeploymentPostprocessing = 0;
		};
		D7603420FBD0607E1F5BB7E8 /* Frameworks */ = {
			isa = PBXFrameworksBuildPhase;
			buildActionMask = 2147483647;
			files = (
				76E3667242F3DB2BDAE5A313 /* Foundation.framework in Frameworks */,
			);
			runOnlyForDeploymentPostprocessing = 0;
		};
/* End PBXFrameworksBuildPhase section */

/* Begin PBXGroup section */
		0EFADEF13C84EF4240E65DA6 /* common */ = {
			isa = PBXGroup;
			children = (
				BD09D1AB54E44FCFDF0942BC /* debug.cpp */,
				50F7A9D859C82DDB9BDFC707 /* entropy_common.cpp */,
				59DC5AA650E9FE0A58D2FD0C /* error_private.cpp */,
				E3B8E5E2DA2E1FB2AE1AB037 /* fse_decompress.cpp */,
				7865737031C7AFBBC2E16FBB /* pool.cpp */,
				DD065301A85151CFD054FC91 /* threading.cpp */,
				483F2D1E2D1A2E9816EDFC9B /* xxhash.cpp */,
				FEB8F8BA815077B4A9888A35 /* zstd_common.cpp */,
			);
			name = common;
			path = common;
			sourceTree = "<group>";
		};
		1A944F0A78213582BE1ACAF1 /* Products */ = {
			isa = PBXGroup;
			children = (
				713EC1787379433FA999F571 /* XiangqiMobile.app */,
				1E28F988702F1532F9EFC793 /* XiangqiMobileUITests.xctest */,
			);
			name = Products;
			sourceTree = "<group>";
		};
		1C9767E3E0B161C2B62F576F /* XiangqiMobileUITests */ = {
			isa = PBXGroup;
			children = (
				313EB6370147ED9DB92F34C6 /* SmokeTests.swift */,
			);
			name = XiangqiMobileUITests;
			path = XiangqiMobileUITests;
			sourceTree = "<group>";
		};
		2A56904D55AC0B11531ADE07 /* Pikafish */ = {
			isa = PBXGroup;
			children = (
				98F52EEB07E46F303B1E8218 /* attacks.cpp */,
				07EDE15C4FBD4EEB8A13DD85 /* benchmark.cpp */,
				B5C2F3301AEADDD6E41A5B57 /* bitboard.cpp */,
				3ECA902DCAC810D9261463A8 /* engine.cpp */,
				1A043842592319F4A44A8712 /* evaluate.cpp */,
				58AD886C6209BB28DE4CA46D /* external */,
				E3D0F419F7D70D3FDDCB3D48 /* memory.cpp */,
				DF9124D75DCADFA8CD023F94 /* misc.cpp */,
				73A103B4C5C99422B480310B /* movegen.cpp */,
				C44BF8D7441F00567F4A9805 /* movepick.cpp */,
				72A37E110DB503D82674731E /* nnue */,
				8DB346CEC8ADC06AFD5D8E02 /* position.cpp */,
				2CAAF053793DE5499F19635B /* score.cpp */,
				5B82E824D5ED30CD85866BB3 /* search.cpp */,
				280AF3FF7B731FBC3905B65A /* thread.cpp */,
				F4563F315BC0993913378A0D /* timeman.cpp */,
				D3622005609622909D2EFF0E /* tt.cpp */,
				67A59D985CB9E4C7C2F45890 /* tune.cpp */,
				89489C9BF4C7C4B761F0F224 /* uci.cpp */,
				21FA3A5A37FE1A94C9534ACC /* ucioption.cpp */,
			);
			name = Pikafish;
			path = Vendor/Pikafish/src;
			sourceTree = "<group>";
		};
		2FA25F9967C0838EC99D62B6 /* Frameworks */ = {
			isa = PBXGroup;
			children = (
				F2FC4A7B50177E4E93648A9E /* iOS */,
			);
			name = Frameworks;
			sourceTree = "<group>";
		};
		43F00F59E2EE30D6CF7868E5 /* Localizations */ = {
			isa = PBXGroup;
			children = (
				05A774ABD96FEAEF469BF319 /* Localizable.xcstrings */,
			);
			name = Localizations;
			path = Localizations;
			sourceTree = "<group>";
		};
		58AD886C6209BB28DE4CA46D /* external */ = {
			isa = PBXGroup;
			children = (
				0EFADEF13C84EF4240E65DA6 /* common */,
				8EEF8A5B48C53FF1B43A4DCC /* decompress */,
			);
			name = external;
			path = external;
			sourceTree = "<group>";
		};
		5AD5529974A3D20AA85B3AC5 /* Tests */ = {
			isa = PBXGroup;
			children = (
				1C9767E3E0B161C2B62F576F /* XiangqiMobileUITests */,
			);
			name = Tests;
			path = Tests;
			sourceTree = "<group>";
		};
		60B20A0F3E91F83696C0F27E /* Localization */ = {
			isa = PBXGroup;
			children = (
				389530D2F965A9430F838594 /* Domain+Localized.swift */,
				0871A33032B9EAF96A569124 /* Localization+SwiftUI.swift */,
				DB2D6A4F252AA742789C70C1 /* LocalizedKey.swift */,
				BEC5AF81C4B80E17E88D6473 /* Localizer.swift */,
				EC720F8E82FCF2E984F0DC92 /* Strings+Generated.swift */,
			);
			name = Localization;
			path = Localization;
			sourceTree = "<group>";
		};
		72A37E110DB503D82674731E /* nnue */ = {
			isa = PBXGroup;
			children = (
				E103AFDE2849156403A1460F /* features */,
				FE391C75D3FF9F1C9B0343CB /* network.cpp */,
				E0BEB1205274D3033FCEFA46 /* nnue_accumulator.cpp */,
				8E58D08E41D992C9C167AE45 /* nnue_misc.cpp */,
			);
			name = nnue;
			path = nnue;
			sourceTree = "<group>";
		};
		8A0451201D43FEEDCF998D0D /* EngineBridge */ = {
			isa = PBXGroup;
			children = (
				1DE3BB728010EA18791ADE04 /* PikafishBridge.cpp */,
				07E1CF2C23715D9C7151CC89 /* PikafishBridge.h */,
				4419557B533415854B9CA270 /* XiangqiMobile-Bridging-Header.h */,
			);
			name = EngineBridge;
			path = EngineBridge;
			sourceTree = "<group>";
		};
		8EEF8A5B48C53FF1B43A4DCC /* decompress */ = {
			isa = PBXGroup;
			children = (
				BBDA4548E54D070AD05E7A92 /* huf_decompress.cpp */,
				B6406CF1FEFE8021A95A22E9 /* zstd_ddict.cpp */,
				0EEA389ADBC3AFCD34164961 /* zstd_decompress.cpp */,
				06C034E86915D11C51A00AF8 /* zstd_decompress_block.cpp */,
			);
			name = decompress;
			path = decompress;
			sourceTree = "<group>";
		};
		97FCC030FCE8D1222E242E67 /* Licenses */ = {
			isa = PBXGroup;
			children = (
				3F1EB23EF4BB05A611C73847 /* Pikafish-GPL-3.0.txt */,
				0D679234575F752E0DE2495D /* Pikafish-AUTHORS.txt */,
				96E064FC9FEE0C997BFB75EA /* CCPD-CC-BY-4.0.txt */,
			);
			name = Licenses;
			path = Licenses;
			sourceTree = "<group>";
		};
		9EF3D1351E11CC325B5FFB8A /* App */ = {
			isa = PBXGroup;
			children = (
				B112111AFA5B1D323E1E8AE1 /* AppLanguage.swift */,
				B3D74E06C5C77F36A8012E9F /* AppModel.swift */,
				EBA3BA6446D7FC7DC91CA192 /* Feedback.swift */,
				4F73229A7A44EB5D0539C5F6 /* GameRepository.swift */,
				E04ED1E8B34EA132E818233A /* GameSession.swift */,
				60B20A0F3E91F83696C0F27E /* Localization */,
				02DF67FBE645BADF3DC3901A /* PikafishComputerClient.swift */,
				65C0266B3BC8AEE415890D8D /* Preferences.swift */,
				5004258729D7114143A60CDE /* RootView.swift */,
				E8E8E2BEBD29366D40A569CB /* Theming */,
				6B48E863B51F131393B07D97 /* XiangqiMobileApp.swift */,
			);
			name = App;
			path = App;
			sourceTree = "<group>";
		};
		A20295763A5AE78DCFF97CDB /* Resources */ = {
			isa = PBXGroup;
			children = (
				D35EAD2D391210C21003FEE1 /* Assets.xcassets */,
				D46BA57020B849E799B93A56 /* Engine */,
				97FCC030FCE8D1222E242E67 /* Licenses */,
				ECAA87620EED07D7D82A0A37 /* Learning */,
				43F00F59E2EE30D6CF7868E5 /* Localizations */,
			);
			name = Resources;
			path = Resources;
			sourceTree = "<group>";
		};
		B36504331900173E1C5A8417 = {
			isa = PBXGroup;
			children = (
				1A944F0A78213582BE1ACAF1 /* Products */,
				2FA25F9967C0838EC99D62B6 /* Frameworks */,
				C1095BC45070B8147F5AC7A8 /* XiangqiMobile */,
				8A0451201D43FEEDCF998D0D /* EngineBridge */,
				2A56904D55AC0B11531ADE07 /* Pikafish */,
				A20295763A5AE78DCFF97CDB /* Resources */,
				5AD5529974A3D20AA85B3AC5 /* Tests */,
			);
			sourceTree = "<group>";
		};
		B85E8F2580608C7E8507614E /* Features */ = {
			isa = PBXGroup;
			children = (
				D64F357A4F31E172CDBCE1F5 /* BoardView.swift */,
				576FC24A93B8EECDEA9C1EAE /* GameMenuView.swift */,
				421E5E5CA07D0795093FC2BE /* GameView.swift */,
				68F2F46A09DCB80ED17A7D1A /* HomeView.swift */,
				8D9BCFE219D7C2BFFF476A06 /* LearningViews.swift */,
				E8B03F04A3DD83E7FA8085CD /* MoveHistoryView.swift */,
				D4647DE74DF73A20FA89E132 /* NewGameView.swift */,
				0DFBA8D191FFBCA0C55C20FB /* ResultView.swift */,
				3525FC232238E83B5F9F9CBB /* SettingsView.swift */,
			);
			name = Features;
			path = Features;
			sourceTree = "<group>";
		};
		C1095BC45070B8147F5AC7A8 /* XiangqiMobile */ = {
			isa = PBXGroup;
			children = (
				9EF3D1351E11CC325B5FFB8A /* App */,
				C9A12CA1F75B294393057A13 /* Core */,
				B85E8F2580608C7E8507614E /* Features */,
			);
			name = XiangqiMobile;
			path = XiangqiMobile;
			sourceTree = "<group>";
		};
		C9A12CA1F75B294393057A13 /* Core */ = {
			isa = PBXGroup;
			children = (
				614EDB84246898C8E3F48CC3 /* CCPDLibrary.swift */,
				309BDF9885CA7594986DA900 /* CCPDPuzzle.swift */,
				40DDAC23DCC453B19CD80315 /* ComputerPlayer.swift */,
				43EBF8B5B166E71A14EF76FB /* Domain.swift */,
				3F7E72D41CCD1B7489EEF46A /* LearningProgress.swift */,
				7716BF8F2B013477F9B100C6 /* Notation.swift */,
				F869134758A19772CE6696D9 /* Position.swift */,
				2B9FC5C8BDE276EE11E7C9DC /* Rules.swift */,
				437B712876762911D06A5A91 /* SoundSynthesis.swift */,
				DFF950F2FEB6A80A1063644E /* XiangqiPGN.swift */,
			);
			name = Core;
			path = Core;
			sourceTree = "<group>";
		};
		D46BA57020B849E799B93A56 /* Engine */ = {
			isa = PBXGroup;
			children = (
				AA0DBAD0E7AF64E0980EA1B1 /* pikafish.nnue */,
			);
			name = Engine;
			path = Engine;
			sourceTree = "<group>";
		};
		E103AFDE2849156403A1460F /* features */ = {
			isa = PBXGroup;
			children = (
				DE3F945F41B5EE2C3334F79A /* full_threats.cpp */,
				1CD5A3A8B91E65B3435903B3 /* half_ka_v2_hm.cpp */,
			);
			name = features;
			path = features;
			sourceTree = "<group>";
		};
		E8E8E2BEBD29366D40A569CB /* Theming */ = {
			isa = PBXGroup;
			children = (
				92A52A1F341D1F2572EADF13 /* Theme+SwiftUI.swift */,
				AC7A8A8E8162EE92E9A4D797 /* Theme.swift */,
				17502982577DD2B5ECD50975 /* ThemePicker.swift */,
				1FF842941850D62C62ABA1B1 /* ThemeRegistry.swift */,
			);
			name = Theming;
			path = Theming;
			sourceTree = "<group>";
		};
		ECAA87620EED07D7D82A0A37 /* Learning */ = {
			isa = PBXGroup;
			children = (
				2C5549F10C60D054916F30A1 /* CCPD-source.json */,
				7CBDC6093913F640E73E57CE /* ccpd.sqlite3 */,
				D888CFC2165F89A484024E13 /* ccpd-audit.json */,
				C68992E7470914B292D32854 /* ccpd-quarantine.jsonl */,
			);
			name = Learning;
			path = Learning;
			sourceTree = "<group>";
		};
		F2FC4A7B50177E4E93648A9E /* iOS */ = {
			isa = PBXGroup;
			children = (
				F937290785EEA3D6E2432900 /* Foundation.framework */,
			);
			name = iOS;
			sourceTree = "<group>";
		};
/* End PBXGroup section */

/* Begin PBXNativeTarget section */
		1EBE8380773D9BEF168FAAA0 /* XiangqiMobileUITests */ = {
			isa = PBXNativeTarget;
			buildConfigurationList = F762B52EDA70B7169D7F0C33 /* Build configuration list for PBXNativeTarget "XiangqiMobileUITests" */;
			buildPhases = (
				AFD2B93BB56A1C4E849CAD0C /* Sources */,
				D7603420FBD0607E1F5BB7E8 /* Frameworks */,
				7035D9EE35D55757DDBB62BD /* Resources */,
			);
			buildRules = (
			);
			dependencies = (
				7A6126AD5E68E85074F0EC8D /* PBXTargetDependency */,
			);
			name = XiangqiMobileUITests;
			productName = XiangqiMobileUITests;
			productReference = 1E28F988702F1532F9EFC793 /* XiangqiMobileUITests.xctest */;
			productType = "com.apple.product-type.bundle.ui-testing";
		};
		86B8A28F0842226EB5F2159F /* XiangqiMobile */ = {
			isa = PBXNativeTarget;
			buildConfigurationList = 91852C729A8DE95142DFB30A /* Build configuration list for PBXNativeTarget "XiangqiMobile" */;
			buildPhases = (
				6F7E2C04687188FD6C4108D0 /* Sources */,
				07B6ECA976EC7498202BF1BC /* Frameworks */,
				7D34AC45BF0F986EC6481852 /* Resources */,
			);
			buildRules = (
			);
			dependencies = (
			);
			name = XiangqiMobile;
			productName = XiangqiMobile;
			productReference = 713EC1787379433FA999F571 /* XiangqiMobile.app */;
			productType = "com.apple.product-type.application";
		};
/* End PBXNativeTarget section */

/* Begin PBXProject section */
		C33A4E08575A522929C6C99A /* Project object */ = {
			isa = PBXProject;
			attributes = {
				LastSwiftUpdateCheck = 2700;
				LastUpgradeCheck = 2700;
			};
			buildConfigurationList = 6841DD409F51598DD957DDD1 /* Build configuration list for PBXProject "XiangqiMobile" */;
			compatibilityVersion = "Xcode 3.2";
			developmentRegion = en;
			hasScannedForEncodings = 0;
			knownRegions = (
				en,
				Base,
				"zh-Hans",
				"zh-Hant",
			);
			mainGroup = B36504331900173E1C5A8417;
			minimizedProjectReferenceProxies = 0;
			preferredProjectObjectVersion = 100;
			productRefGroup = 1A944F0A78213582BE1ACAF1 /* Products */;
			projectDirPath = "";
			projectRoot = "";
			targets = (
				86B8A28F0842226EB5F2159F /* XiangqiMobile */,
				1EBE8380773D9BEF168FAAA0 /* XiangqiMobileUITests */,
			);
		};
/* End PBXProject section */

/* Begin PBXResourcesBuildPhase section */
		7035D9EE35D55757DDBB62BD /* Resources */ = {
			isa = PBXResourcesBuildPhase;
			buildActionMask = 2147483647;
			files = (
			);
			runOnlyForDeploymentPostprocessing = 0;
		};
		7D34AC45BF0F986EC6481852 /* Resources */ = {
			isa = PBXResourcesBuildPhase;
			buildActionMask = 2147483647;
			files = (
				5B537C10ED38BBD0D1B2F5EC /* Assets.xcassets in Resources */,
				9401496C41C49BA93D2B486F /* pikafish.nnue in Resources */,
				2D63F78BE60FC2FF93FDB0D2 /* Pikafish-GPL-3.0.txt in Resources */,
				F0E3F79BC16788C56C97F684 /* Pikafish-AUTHORS.txt in Resources */,
				7D8521AE8F6916237374CD93 /* CCPD-CC-BY-4.0.txt in Resources */,
				CACA32B88D7EDB0D303BDD0F /* CCPD-source.json in Resources */,
				4FAB55FDE2E0169CDA6CC434 /* ccpd.sqlite3 in Resources */,
				F13D36DE4265891BFC3F5558 /* ccpd-audit.json in Resources */,
				364CA0A9380970B2285C425F /* ccpd-quarantine.jsonl in Resources */,
				8E7252A6F6B91CE41982C782 /* Localizable.xcstrings in Resources */,
			);
			runOnlyForDeploymentPostprocessing = 0;
		};
/* End PBXResourcesBuildPhase section */

/* Begin PBXSourcesBuildPhase section */
		6F7E2C04687188FD6C4108D0 /* Sources */ = {
			isa = PBXSourcesBuildPhase;
			buildActionMask = 2147483647;
			files = (
				4DAA33D1F7745E37BC7C732C /* AppLanguage.swift in Sources */,
				DA2C19A11D5619F8BCA92660 /* AppModel.swift in Sources */,
				05D756CF44CC93938BCD7B98 /* Feedback.swift in Sources */,
				2C73F039A2CDAC3E9BF23CEC /* GameRepository.swift in Sources */,
				6CF53BC1C5D20CE2B6E27959 /* GameSession.swift in Sources */,
				A03A8E190C16CF2ABB002005 /* Domain+Localized.swift in Sources */,
				43DE7E419F0BF96AF6F3970B /* Localization+SwiftUI.swift in Sources */,
				3BFE78FBD7DB81E2A3FF22C3 /* LocalizedKey.swift in Sources */,
				F18D96A34616E3F79BE9C110 /* Localizer.swift in Sources */,
				AB94D634B09F54958F76EDE6 /* Strings+Generated.swift in Sources */,
				38CDD19F6A404AEC5C15BAB3 /* PikafishComputerClient.swift in Sources */,
				F830F9CA7982EA9D17B68CE8 /* Preferences.swift in Sources */,
				B5F853CEDA1CA495AF115298 /* RootView.swift in Sources */,
				EE53563624B82BFB2C62C805 /* Theme+SwiftUI.swift in Sources */,
				CE8A4343643122FFA664A5F3 /* Theme.swift in Sources */,
				E405FBB4D9343EEEE8E82BB2 /* ThemePicker.swift in Sources */,
				B8BFAC033978313A28A0A022 /* ThemeRegistry.swift in Sources */,
				74E5444DA00942833D93F32F /* XiangqiMobileApp.swift in Sources */,
				B5CC37A951A36DF860470A8E /* CCPDLibrary.swift in Sources */,
				AD673CF205137A3F0E67351A /* CCPDPuzzle.swift in Sources */,
				CA5DABD1519E7F0CCBBB49B7 /* ComputerPlayer.swift in Sources */,
				E0F651F26EDEDCDD65FBD914 /* Domain.swift in Sources */,
				C00BDEE75C255B42D7F4293E /* LearningProgress.swift in Sources */,
				93B32ECA28BE574C94739D2D /* Notation.swift in Sources */,
				181E2FEACB1C7B0A451A6448 /* Position.swift in Sources */,
				623CB22647749B276906F723 /* Rules.swift in Sources */,
				2A7E939D84256A869628C7AF /* SoundSynthesis.swift in Sources */,
				94AA51E88560B0008621D066 /* XiangqiPGN.swift in Sources */,
				F1630BE83D59E8931FBEE1FE /* BoardView.swift in Sources */,
				A1263DA7D9308DDAE8B4B10F /* GameMenuView.swift in Sources */,
				F255F2023CAF7794392DFF15 /* GameView.swift in Sources */,
				1C68110BEB6A585DC8006D60 /* HomeView.swift in Sources */,
				EAA2436A486D1193BB5ABEBF /* LearningViews.swift in Sources */,
				49E3F0AF0AC0EF8D71DBA5A8 /* MoveHistoryView.swift in Sources */,
				BC274946E8374F1FEA77AC3E /* NewGameView.swift in Sources */,
				32363649776F506286E42AEA /* ResultView.swift in Sources */,
				15F04D20EA8E723F1CDFCB6B /* SettingsView.swift in Sources */,
				DBD9B325CBD6576EBBD7B1DE /* PikafishBridge.cpp in Sources */,
				10AE1F2101DC4270A3C5FB81 /* attacks.cpp in Sources */,
				2156EC2229C5FAB20DCBA8EC /* benchmark.cpp in Sources */,
				7440050B22426B2E47BFC944 /* bitboard.cpp in Sources */,
				539A942D01F1A34648A420E4 /* engine.cpp in Sources */,
				346F5396DE770366D8BC4D16 /* evaluate.cpp in Sources */,
				57642158838DE666EFDD4AC8 /* debug.cpp in Sources */,
				3B5132032025FCF498EF7ECF /* entropy_common.cpp in Sources */,
				8F7129824360E8AEF98CC8BF /* error_private.cpp in Sources */,
				094ACEF371E399F4A557B104 /* fse_decompress.cpp in Sources */,
				5F6E4903757563BF0823D145 /* pool.cpp in Sources */,
				D2634659A203809734CFF936 /* threading.cpp in Sources */,
				11820FEE1DD708663DA3573D /* xxhash.cpp in Sources */,
				13DEFF6E8E8F33151D6A0766 /* zstd_common.cpp in Sources */,
				D05DD8531BA39466AAE9D492 /* huf_decompress.cpp in Sources */,
				9ABEB255FF6CC4DB9DDF029C /* zstd_ddict.cpp in Sources */,
				856F200B65AF2FE246F6EEE4 /* zstd_decompress.cpp in Sources */,
				42B30F73BE224FC5EDBB72AE /* zstd_decompress_block.cpp in Sources */,
				9F99B2E782D4D074B35A9DD5 /* memory.cpp in Sources */,
				1DD539D460D3B82A9C4BC9E4 /* misc.cpp in Sources */,
				6D75F4EFE5DEB85BDE98DE6C /* movegen.cpp in Sources */,
				0C6FEAE42EF97E3AD33F05B3 /* movepick.cpp in Sources */,
				0124925360CFF86B46308B11 /* full_threats.cpp in Sources */,
				199C6A8C29DC1BE11C5E5A75 /* half_ka_v2_hm.cpp in Sources */,
				ABE79CE7E4C74EF8C946A3ED /* network.cpp in Sources */,
				84FD797E54F185814684D66C /* nnue_accumulator.cpp in Sources */,
				8AEEF40B2056D89EC05181F7 /* nnue_misc.cpp in Sources */,
				140F9FEE75B2ADA5CD6416AC /* position.cpp in Sources */,
				BE3E838E3EE9551C5170F885 /* score.cpp in Sources */,
				21F744306E075A94227E99CA /* search.cpp in Sources */,
				65AE280DC1A890FBE0853D21 /* thread.cpp in Sources */,
				1F6BC4663681368F5033A709 /* timeman.cpp in Sources */,
				01BC052D9CAAE7AC4BFDDC46 /* tt.cpp in Sources */,
				701DB96021A4E1B9ADCBF676 /* tune.cpp in Sources */,
				808239220F9B302BED8DC1FB /* uci.cpp in Sources */,
				02F43B71CAB7CB8AD866C831 /* ucioption.cpp in Sources */,
			);
			runOnlyForDeploymentPostprocessing = 0;
		};
		AFD2B93BB56A1C4E849CAD0C /* Sources */ = {
			isa = PBXSourcesBuildPhase;
			buildActionMask = 2147483647;
			files = (
				112A493804851BD2123285E0 /* SmokeTests.swift in Sources */,
			);
			runOnlyForDeploymentPostprocessing = 0;
		};
/* End PBXSourcesBuildPhase section */

/* Begin PBXTargetDependency section */
		7A6126AD5E68E85074F0EC8D /* PBXTargetDependency */ = {
			isa = PBXTargetDependency;
			name = XiangqiMobile;
			target = 86B8A28F0842226EB5F2159F /* XiangqiMobile */;
			targetProxy = 734305299BDF26F4384B8303 /* PBXContainerItemProxy */;
		};
/* End PBXTargetDependency section */

/* Begin XCBuildConfiguration section */
		29826CAB974E8D8DB3FDDA21 /* Release */ = {
			isa = XCBuildConfiguration;
			buildSettings = {
				ALWAYS_SEARCH_USER_PATHS = NO;
				CLANG_ANALYZER_NONNULL = YES;
				CLANG_ANALYZER_NUMBER_OBJECT_CONVERSION = YES_AGGRESSIVE;
				CLANG_CXX_LANGUAGE_STANDARD = "gnu++14";
				CLANG_CXX_LIBRARY = "libc++";
				CLANG_ENABLE_MODULES = YES;
				CLANG_ENABLE_OBJC_ARC = YES;
				CLANG_ENABLE_OBJC_WEAK = YES;
				CLANG_WARN_BLOCK_CAPTURE_AUTORELEASING = YES;
				CLANG_WARN_BOOL_CONVERSION = YES;
				CLANG_WARN_COMMA = YES;
				CLANG_WARN_CONSTANT_CONVERSION = YES;
				CLANG_WARN_DEPRECATED_OBJC_IMPLEMENTATIONS = YES;
				CLANG_WARN_DIRECT_OBJC_ISA_USAGE = YES_ERROR;
				CLANG_WARN_DOCUMENTATION_COMMENTS = YES;
				CLANG_WARN_EMPTY_BODY = YES;
				CLANG_WARN_ENUM_CONVERSION = YES;
				CLANG_WARN_INFINITE_RECURSION = YES;
				CLANG_WARN_INT_CONVERSION = YES;
				CLANG_WARN_NON_LITERAL_NULL_CONVERSION = YES;
				CLANG_WARN_OBJC_IMPLICIT_RETAIN_SELF = YES;
				CLANG_WARN_OBJC_LITERAL_CONVERSION = YES;
				CLANG_WARN_OBJC_ROOT_CLASS = YES_ERROR;
				CLANG_WARN_QUOTED_INCLUDE_IN_FRAMEWORK_HEADER = YES;
				CLANG_WARN_RANGE_LOOP_ANALYSIS = YES;
				CLANG_WARN_STRICT_PROTOTYPES = YES;
				CLANG_WARN_SUSPICIOUS_MOVE = YES;
				CLANG_WARN_UNGUARDED_AVAILABILITY = YES_AGGRESSIVE;
				CLANG_WARN_UNREACHABLE_CODE = YES;
				CLANG_WARN__DUPLICATE_METHOD_MATCH = YES;
				COPY_PHASE_STRIP = NO;
				DEBUG_INFORMATION_FORMAT = "dwarf-with-dsym";
				ENABLE_NS_ASSERTIONS = NO;
				ENABLE_STRICT_OBJC_MSGSEND = YES;
				GCC_C_LANGUAGE_STANDARD = gnu11;
				GCC_NO_COMMON_BLOCKS = YES;
				GCC_WARN_64_TO_32_BIT_CONVERSION = YES;
				GCC_WARN_ABOUT_RETURN_TYPE = YES_ERROR;
				GCC_WARN_UNDECLARED_SELECTOR = YES;
				GCC_WARN_UNINITIALIZED_AUTOS = YES_AGGRESSIVE;
				GCC_WARN_UNUSED_FUNCTION = YES;
				GCC_WARN_UNUSED_VARIABLE = YES;
				MTL_ENABLE_DEBUG_INFO = NO;
				MTL_FAST_MATH = YES;
				PRODUCT_NAME = "$(TARGET_NAME)";
				SWIFT_COMPILATION_MODE = wholemodule;
				SWIFT_OPTIMIZATION_LEVEL = "-O";
				SWIFT_VERSION = 5.0;
			};
			name = Release;
		};
		5FEB946277F182FC96A981BB /* Release */ = {
			isa = XCBuildConfiguration;
			buildSettings = {
				CLANG_ENABLE_OBJC_WEAK = NO;
				CODE_SIGN_STYLE = Automatic;
				DEVELOPMENT_TEAM = "";
				GENERATE_INFOPLIST_FILE = YES;
				IPHONEOS_DEPLOYMENT_TARGET = 18.0;
				PRODUCT_BUNDLE_IDENTIFIER = "com.frankzhu.xiangqi-mobile-uitests";
				SDKROOT = iphoneos;
				SWIFT_VERSION = 5.0;
				TEST_TARGET_NAME = XiangqiMobile;
				VALIDATE_PRODUCT = YES;
			};
			name = Release;
		};
		6B306B2F70209AF2ECCDBD5B /* Debug */ = {
			isa = XCBuildConfiguration;
			buildSettings = {
				ASSETCATALOG_COMPILER_APPICON_NAME = AppIcon;
				ASSETCATALOG_COMPILER_GLOBAL_ACCENT_COLOR_NAME = AccentColor;
				CLANG_CXX_LANGUAGE_STANDARD = "c++17";
				CLANG_CXX_LIBRARY = "libc++";
				CLANG_ENABLE_OBJC_WEAK = NO;
				CODE_SIGN_STYLE = Automatic;
				CURRENT_PROJECT_VERSION = 1;
				DEVELOPMENT_TEAM = "";
				GCC_OPTIMIZATION_LEVEL = 3;
				GCC_PREPROCESSOR_DEFINITIONS = (
					"$(inherited)",
					IS_64BIT,
					"USE_NEON=8",
				);
				GENERATE_INFOPLIST_FILE = YES;
				HEADER_SEARCH_PATHS = (
					"$(inherited)",
					"$(SRCROOT)/EngineBridge",
					"$(SRCROOT)/Vendor/Pikafish/src",
				);
				INFOPLIST_KEY_CFBundleDisplayName = Xiangqi;
				INFOPLIST_KEY_LSApplicationCategoryType = "public.app-category.board-games";
				INFOPLIST_KEY_UIApplicationSceneManifest_Generation = YES;
				INFOPLIST_KEY_UIApplicationSupportsIndirectInputEvents = YES;
				INFOPLIST_KEY_UILaunchScreen_Generation = YES;
				INFOPLIST_KEY_UISupportedInterfaceOrientations_iPhone = UIInterfaceOrientationPortrait;
				IPHONEOS_DEPLOYMENT_TARGET = 18.0;
				LD_RUNPATH_SEARCH_PATHS = "$(inherited) @executable_path/Frameworks";
				MARKETING_VERSION = 1.0;
				OTHER_LDFLAGS = (
					"$(inherited)",
					"-lsqlite3",
					"-lz",
				);
				PRODUCT_BUNDLE_IDENTIFIER = "com.frankzhu.xiangqi-mobile";
				PRODUCT_NAME = "$(TARGET_NAME)";
				SDKROOT = iphoneos;
				SWIFT_OBJC_BRIDGING_HEADER = "EngineBridge/XiangqiMobile-Bridging-Header.h";
				SWIFT_STRICT_CONCURRENCY = complete;
				SWIFT_VERSION = 5.0;
				TARGETED_DEVICE_FAMILY = 1;
			};
			name = Debug;
		};
		C7017D66494E143A30F75CCC /* Debug */ = {
			isa = XCBuildConfiguration;
			buildSettings = {
				ALWAYS_SEARCH_USER_PATHS = NO;
				CLANG_ANALYZER_NONNULL = YES;
				CLANG_ANALYZER_NUMBER_OBJECT_CONVERSION = YES_AGGRESSIVE;
				CLANG_CXX_LANGUAGE_STANDARD = "gnu++14";
				CLANG_CXX_LIBRARY = "libc++";
				CLANG_ENABLE_MODULES = YES;
				CLANG_ENABLE_OBJC_ARC = YES;
				CLANG_ENABLE_OBJC_WEAK = YES;
				CLANG_WARN_BLOCK_CAPTURE_AUTORELEASING = YES;
				CLANG_WARN_BOOL_CONVERSION = YES;
				CLANG_WARN_COMMA = YES;
				CLANG_WARN_CONSTANT_CONVERSION = YES;
				CLANG_WARN_DEPRECATED_OBJC_IMPLEMENTATIONS = YES;
				CLANG_WARN_DIRECT_OBJC_ISA_USAGE = YES_ERROR;
				CLANG_WARN_DOCUMENTATION_COMMENTS = YES;
				CLANG_WARN_EMPTY_BODY = YES;
				CLANG_WARN_ENUM_CONVERSION = YES;
				CLANG_WARN_INFINITE_RECURSION = YES;
				CLANG_WARN_INT_CONVERSION = YES;
				CLANG_WARN_NON_LITERAL_NULL_CONVERSION = YES;
				CLANG_WARN_OBJC_IMPLICIT_RETAIN_SELF = YES;
				CLANG_WARN_OBJC_LITERAL_CONVERSION = YES;
				CLANG_WARN_OBJC_ROOT_CLASS = YES_ERROR;
				CLANG_WARN_QUOTED_INCLUDE_IN_FRAMEWORK_HEADER = YES;
				CLANG_WARN_RANGE_LOOP_ANALYSIS = YES;
				CLANG_WARN_STRICT_PROTOTYPES = YES;
				CLANG_WARN_SUSPICIOUS_MOVE = YES;
				CLANG_WARN_UNGUARDED_AVAILABILITY = YES_AGGRESSIVE;
				CLANG_WARN_UNREACHABLE_CODE = YES;
				CLANG_WARN__DUPLICATE_METHOD_MATCH = YES;
				COPY_PHASE_STRIP = NO;
				DEBUG_INFORMATION_FORMAT = dwarf;
				ENABLE_STRICT_OBJC_MSGSEND = YES;
				ENABLE_TESTABILITY = YES;
				GCC_C_LANGUAGE_STANDARD = gnu11;
				GCC_DYNAMIC_NO_PIC = NO;
				GCC_NO_COMMON_BLOCKS = YES;
				GCC_OPTIMIZATION_LEVEL = 0;
				GCC_PREPROCESSOR_DEFINITIONS = (
					"DEBUG=1",
					"$(inherited)",
				);
				GCC_WARN_64_TO_32_BIT_CONVERSION = YES;
				GCC_WARN_ABOUT_RETURN_TYPE = YES_ERROR;
				GCC_WARN_UNDECLARED_SELECTOR = YES;
				GCC_WARN_UNINITIALIZED_AUTOS = YES_AGGRESSIVE;
				GCC_WARN_UNUSED_FUNCTION = YES;
				GCC_WARN_UNUSED_VARIABLE = YES;
				MTL_ENABLE_DEBUG_INFO = INCLUDE_SOURCE;
				MTL_FAST_MATH = YES;
				ONLY_ACTIVE_ARCH = YES;
				PRODUCT_NAME = "$(TARGET_NAME)";
				SWIFT_ACTIVE_COMPILATION_CONDITIONS = DEBUG;
				SWIFT_OPTIMIZATION_LEVEL = "-Onone";
				SWIFT_VERSION = 5.0;
			};
			name = Debug;
		};
		CA712BE4AA90D24734FD4C29 /* Debug */ = {
			isa = XCBuildConfiguration;
			buildSettings = {
				CLANG_ENABLE_OBJC_WEAK = NO;
				CODE_SIGN_STYLE = Automatic;
				DEVELOPMENT_TEAM = "";
				GENERATE_INFOPLIST_FILE = YES;
				IPHONEOS_DEPLOYMENT_TARGET = 18.0;
				PRODUCT_BUNDLE_IDENTIFIER = "com.frankzhu.xiangqi-mobile-uitests";
				SDKROOT = iphoneos;
				SWIFT_VERSION = 5.0;
				TEST_TARGET_NAME = XiangqiMobile;
			};
			name = Debug;
		};
		DC1C5356B5C1437EDE16678B /* Release */ = {
			isa = XCBuildConfiguration;
			buildSettings = {
				ASSETCATALOG_COMPILER_APPICON_NAME = AppIcon;
				ASSETCATALOG_COMPILER_GLOBAL_ACCENT_COLOR_NAME = AccentColor;
				CLANG_CXX_LANGUAGE_STANDARD = "c++17";
				CLANG_CXX_LIBRARY = "libc++";
				CLANG_ENABLE_OBJC_WEAK = NO;
				CODE_SIGN_STYLE = Automatic;
				CURRENT_PROJECT_VERSION = 1;
				DEVELOPMENT_TEAM = "";
				GCC_OPTIMIZATION_LEVEL = 3;
				GCC_PREPROCESSOR_DEFINITIONS = (
					"$(inherited)",
					IS_64BIT,
					"USE_NEON=8",
				);
				GENERATE_INFOPLIST_FILE = YES;
				HEADER_SEARCH_PATHS = (
					"$(inherited)",
					"$(SRCROOT)/EngineBridge",
					"$(SRCROOT)/Vendor/Pikafish/src",
				);
				INFOPLIST_KEY_CFBundleDisplayName = Xiangqi;
				INFOPLIST_KEY_LSApplicationCategoryType = "public.app-category.board-games";
				INFOPLIST_KEY_UIApplicationSceneManifest_Generation = YES;
				INFOPLIST_KEY_UIApplicationSupportsIndirectInputEvents = YES;
				INFOPLIST_KEY_UILaunchScreen_Generation = YES;
				INFOPLIST_KEY_UISupportedInterfaceOrientations_iPhone = UIInterfaceOrientationPortrait;
				IPHONEOS_DEPLOYMENT_TARGET = 18.0;
				LD_RUNPATH_SEARCH_PATHS = "$(inherited) @executable_path/Frameworks";
				MARKETING_VERSION = 1.0;
				OTHER_LDFLAGS = (
					"$(inherited)",
					"-lsqlite3",
					"-lz",
				);
				PRODUCT_BUNDLE_IDENTIFIER = "com.frankzhu.xiangqi-mobile";
				PRODUCT_NAME = "$(TARGET_NAME)";
				SDKROOT = iphoneos;
				SWIFT_OBJC_BRIDGING_HEADER = "EngineBridge/XiangqiMobile-Bridging-Header.h";
				SWIFT_STRICT_CONCURRENCY = complete;
				SWIFT_VERSION = 5.0;
				TARGETED_DEVICE_FAMILY = 1;
				VALIDATE_PRODUCT = YES;
			};
			name = Release;
		};
/* End XCBuildConfiguration section */

/* Begin XCConfigurationList section */
		6841DD409F51598DD957DDD1 /* Build configuration list for PBXProject "XiangqiMobile" */ = {
			isa = XCConfigurationList;
			buildConfigurations = (
				C7017D66494E143A30F75CCC /* Debug */,
				29826CAB974E8D8DB3FDDA21 /* Release */,
			);
			defaultConfigurationIsVisible = 0;
			defaultConfigurationName = Release;
		};
		91852C729A8DE95142DFB30A /* Build configuration list for PBXNativeTarget "XiangqiMobile" */ = {
			isa = XCConfigurationList;
			buildConfigurations = (
				DC1C5356B5C1437EDE16678B /* Release */,
				6B306B2F70209AF2ECCDBD5B /* Debug */,
			);
			defaultConfigurationIsVisible = 0;
			defaultConfigurationName = Release;
		};
		F762B52EDA70B7169D7F0C33 /* Build configuration list for PBXNativeTarget "XiangqiMobileUITests" */ = {
			isa = XCConfigurationList;
			buildConfigurations = (
				5FEB946277F182FC96A981BB /* Release */,
				CA712BE4AA90D24734FD4C29 /* Debug */,
			);
			defaultConfigurationIsVisible = 0;
			defaultConfigurationName = Release;
		};
/* End XCConfigurationList section */
	};
	rootObject = C33A4E08575A522929C6C99A /* Project object */;
}
